// !$*UTF8*$!
{
	archiveVersion = 1;
	classes = {
	};
	objectVersion = 55;
	objects = {

/* Begin PBXBuildFile section */
		BDD3F9D72722FD2A00B2AF7F /* AppDelegate.swift in Sources */ = {isa = PBXBuildFile; fileRef = BDD3F9D62722FD2A00B2AF7F /* AppDelegate.swift */; };
		BDD3F9D92722FD2A00B2AF7F /* SceneDelegate.swift in Sources */ = {isa = PBXBuildFile; fileRef = BDD3F9D82722FD2A00B2AF7F /* SceneDelegate.swift */; };
		BDD3F9DB2722FD2A00B2AF7F /* ViewController.swift in Sources */ = {isa = PBXBuildFile; fileRef = BDD3F9DA2722FD2A00B2AF7F /* ViewController.swift */; };
		BDD3F9DE2722FD2A00B2AF7F /* Main.storyboard in Resources */ = {isa = PBXBuildFile; fileRef = BDD3F9DC2722FD2A00B2AF7F /* Main.storyboard */; };
		BDD3F9E02722FD2B00B2AF7F /* Assets.xcassets in Resources */ = {isa = PBXBuildFile; fileRef = BDD3F9DF2722FD2B00B2AF7F /* Assets.xcassets */; };
		BDD3F9E32722FD2B00B2AF7F /* LaunchScreen.storyboard in Resources */ = {isa = PBXBuildFile; fileRef = BDD3F9E12722FD2B00B2AF7F /* LaunchScreen.storyboard */; };
		BDD3F9F1272302CE00B2AF7F /* HomeInteractor.swift in Sources */ = {isa = PBXBuildFile; fileRef = BDD3F9F0272302CE00B2AF7F /* HomeInteractor.swift */; };
		BDD3F9F3272302DD00B2AF7F /* HomePresenter.swift in Sources */ = {isa = PBXBuildFile; fileRef = BDD3F9F2272302DD00B2AF7F /* HomePresenter.swift */; };
		BDD3F9F52723031800B2AF7F /* HomeProtocol.swift in Sources */ = {isa = PBXBuildFile; fileRef = BDD3F9F42723031800B2AF7F /* HomeProtocol.swift */; };
		BDD3F9F72723032300B2AF7F /* HomeRouter.swift in Sources */ = {isa = PBXBuildFile; fileRef = BDD3F9F62723032300B2AF7F /* HomeRouter.swift */; };
		BDD3F9F92723034B00B2AF7F /* HomeVC.swift in Sources */ = {isa = PBXBuildFile; fileRef = BDD3F9F82723034B00B2AF7F /* HomeVC.swift */; };
		BDD3F9FF27231C6100B2AF7F /* TabBarViewController.swift in Sources */ = {isa = PBXBuildFile; fileRef = BDD3F9FE27231C6100B2AF7F /* TabBarViewController.swift */; };
		BDD3FA012723489900B2AF7F /* TabBarProtocol.swift in Sources */ = {isa = PBXBuildFile; fileRef = BDD3FA002723489900B2AF7F /* TabBarProtocol.swift */; };
		BDD3FA03272349FF00B2AF7F /* TabBarRouter.swift in Sources */ = {isa = PBXBuildFile; fileRef = BDD3FA02272349FF00B2AF7F /* TabBarRouter.swift */; };
		BDD3FA0527234A7400B2AF7F /* TapBarPresenter.swift in Sources */ = {isa = PBXBuildFile; fileRef = BDD3FA0427234A7400B2AF7F /* TapBarPresenter.swift */; };
/* End PBXBuildFile section */

/* Begin PBXFileReference section */
		BDD3F9D32722FD2A00B2AF7F /* Macro Challenge ADAIL.app */ = {isa = PBXFileReference; explicitFileType = wrapper.application; includeInIndex = 0; path = "Macro Challenge ADAIL.app"; sourceTree = BUILT_PRODUCTS_DIR; };
		BDD3F9D62722FD2A00B2AF7F /* AppDelegate.swift */ = {isa = PBXFileReference; lastKnownFileType = sourcecode.swift; path = AppDelegate.swift; sourceTree = "<group>"; };
		BDD3F9D82722FD2A00B2AF7F /* SceneDelegate.swift */ = {isa = PBXFileReference; lastKnownFileType = sourcecode.swift; path = SceneDelegate.swift; sourceTree = "<group>"; };
		BDD3F9DA2722FD2A00B2AF7F /* ViewController.swift */ = {isa = PBXFileReference; lastKnownFileType = sourcecode.swift; path = ViewController.swift; sourceTree = "<group>"; };
		BDD3F9DD2722FD2A00B2AF7F /* Base */ = {isa = PBXFileReference; lastKnownFileType = file.storyboard; name = Base; path = Base.lproj/Main.storyboard; sourceTree = "<group>"; };
		BDD3F9DF2722FD2B00B2AF7F /* Assets.xcassets */ = {isa = PBXFileReference; lastKnownFileType = folder.assetcatalog; path = Assets.xcassets; sourceTree = "<group>"; };
		BDD3F9E22722FD2B00B2AF7F /* Base */ = {isa = PBXFileReference; lastKnownFileType = file.storyboard; name = Base; path = Base.lproj/LaunchScreen.storyboard; sourceTree = "<group>"; };
		BDD3F9E42722FD2B00B2AF7F /* Info.plist */ = {isa = PBXFileReference; lastKnownFileType = text.plist.xml; path = Info.plist; sourceTree = "<group>"; };
		BDD3F9F0272302CE00B2AF7F /* HomeInteractor.swift */ = {isa = PBXFileReference; lastKnownFileType = sourcecode.swift; path = HomeInteractor.swift; sourceTree = "<group>"; };
		BDD3F9F2272302DD00B2AF7F /* HomePresenter.swift */ = {isa = PBXFileReference; lastKnownFileType = sourcecode.swift; path = HomePresenter.swift; sourceTree = "<group>"; };
		BDD3F9F42723031800B2AF7F /* HomeProtocol.swift */ = {isa = PBXFileReference; lastKnownFileType = sourcecode.swift; path = HomeProtocol.swift; sourceTree = "<group>"; };
		BDD3F9F62723032300B2AF7F /* HomeRouter.swift */ = {isa = PBXFileReference; lastKnownFileType = sourcecode.swift; path = HomeRouter.swift; sourceTree = "<group>"; };
		BDD3F9F82723034B00B2AF7F /* HomeVC.swift */ = {isa = PBXFileReference; lastKnownFileType = sourcecode.swift; path = HomeVC.swift; sourceTree = "<group>"; };
		BDD3F9FE27231C6100B2AF7F /* TabBarViewController.swift */ = {isa = PBXFileReference; lastKnownFileType = sourcecode.swift; path = TabBarViewController.swift; sourceTree = "<group>"; };
		BDD3FA002723489900B2AF7F /* TabBarProtocol.swift */ = {isa = PBXFileReference; lastKnownFileType = sourcecode.swift; path = TabBarProtocol.swift; sourceTree = "<group>"; };
		BDD3FA02272349FF00B2AF7F /* TabBarRouter.swift */ = {isa = PBXFileReference; lastKnownFileType = sourcecode.swift; path = TabBarRouter.swift; sourceTree = "<group>"; };
		BDD3FA0427234A7400B2AF7F /* TapBarPresenter.swift */ = {isa = PBXFileReference; lastKnownFileType = sourcecode.swift; path = TapBarPresenter.swift; sourceTree = "<group>"; };
/* End PBXFileReference section */

/* Begin PBXFrameworksBuildPhase section */
		BDD3F9D02722FD2A00B2AF7F /* Frameworks */ = {
			isa = PBXFrameworksBuildPhase;
			buildActionMask = 2147483647;
			files = (
			);
			runOnlyForDeploymentPostprocessing = 0;
		};
/* End PBXFrameworksBuildPhase section */

/* Begin PBXGroup section */
		BDD3F9CA2722FD2A00B2AF7F = {
			isa = PBXGroup;
			children = (
				BDD3F9D52722FD2A00B2AF7F /* Macro Challenge ADAIL */,
				BDD3F9D42722FD2A00B2AF7F /* Products */,
			);
			sourceTree = "<group>";
		};
		BDD3F9D42722FD2A00B2AF7F /* Products */ = {
			isa = PBXGroup;
			children = (
				BDD3F9D32722FD2A00B2AF7F /* Macro Challenge ADAIL.app */,
			);
			name = Products;
			sourceTree = "<group>";
		};
		BDD3F9D52722FD2A00B2AF7F /* Macro Challenge ADAIL */ = {
			isa = PBXGroup;
			children = (
				BDD3F9EA2723027600B2AF7F /* Modules */,
				BDD3F9D62722FD2A00B2AF7F /* AppDelegate.swift */,
				BDD3F9D82722FD2A00B2AF7F /* SceneDelegate.swift */,
				BDD3F9DA2722FD2A00B2AF7F /* ViewController.swift */,
				BDD3F9DC2722FD2A00B2AF7F /* Main.storyboard */,
				BDD3F9DF2722FD2B00B2AF7F /* Assets.xcassets */,
				BDD3F9E12722FD2B00B2AF7F /* LaunchScreen.storyboard */,
				BDD3F9E42722FD2B00B2AF7F /* Info.plist */,
			);
			path = "Macro Challenge ADAIL";
			sourceTree = "<group>";
		};
		BDD3F9EA2723027600B2AF7F /* Modules */ = {
			isa = PBXGroup;
			children = (
				BDD3F9FB27231BEE00B2AF7F /* TapBar */,
				BDD3F9ED272302B000B2AF7F /* Home */,
			);
			path = Modules;
			sourceTree = "<group>";
		};
		BDD3F9ED272302B000B2AF7F /* Home */ = {
			isa = PBXGroup;
			children = (
				BDD3F9FA2723034F00B2AF7F /* Entity */,
				BDD3F9F0272302CE00B2AF7F /* HomeInteractor.swift */,
				BDD3F9F2272302DD00B2AF7F /* HomePresenter.swift */,
				BDD3F9F42723031800B2AF7F /* HomeProtocol.swift */,
				BDD3F9F62723032300B2AF7F /* HomeRouter.swift */,
				BDD3F9F82723034B00B2AF7F /* HomeVC.swift */,
			);
			path = Home;
			sourceTree = "<group>";
		};
		BDD3F9FA2723034F00B2AF7F /* Entity */ = {
			isa = PBXGroup;
			children = (
			);
			path = Entity;
			sourceTree = "<group>";
		};
		BDD3F9FB27231BEE00B2AF7F /* TapBar */ = {
			isa = PBXGroup;
			children = (
				BDD3F9FE27231C6100B2AF7F /* TabBarViewController.swift */,
				BDD3FA002723489900B2AF7F /* TabBarProtocol.swift */,
				BDD3FA02272349FF00B2AF7F /* TabBarRouter.swift */,
				BDD3FA0427234A7400B2AF7F /* TapBarPresenter.swift */,
			);
			path = TapBar;
			sourceTree = "<group>";
		};
/* End PBXGroup section */

/* Begin PBXNativeTarget section */
		BDD3F9D22722FD2A00B2AF7F /* Macro Challenge ADAIL */ = {
			isa = PBXNativeTarget;
			buildConfigurationList = BDD3F9E72722FD2B00B2AF7F /* Build configuration list for PBXNativeTarget "Macro Challenge ADAIL" */;
			buildPhases = (
				BDD3F9CF2722FD2A00B2AF7F /* Sources */,
				BDD3F9D02722FD2A00B2AF7F /* Frameworks */,
				BDD3F9D12722FD2A00B2AF7F /* Resources */,
			);
			buildRules = (
			);
			dependencies = (
			);
			name = "Macro Challenge ADAIL";
			productName = "Macro Challenge ADAIL";
			productReference = BDD3F9D32722FD2A00B2AF7F /* Macro Challenge ADAIL.app */;
			productType = "com.apple.product-type.application";
		};
/* End PBXNativeTarget section */

/* Begin PBXProject section */
		BDD3F9CB2722FD2A00B2AF7F /* Project object */ = {
			isa = PBXProject;
			attributes = {
				BuildIndependentTargetsInParallel = 1;
				LastSwiftUpdateCheck = 1300;
				LastUpgradeCheck = 1300;
				TargetAttributes = {
					BDD3F9D22722FD2A00B2AF7F = {
						CreatedOnToolsVersion = 13.0;
					};
				};
			};
			buildConfigurationList = BDD3F9CE2722FD2A00B2AF7F /* Build configuration list for PBXProject "Macro Challenge ADAIL" */;
			compatibilityVersion = "Xcode 13.0";
			developmentRegion = en;
			hasScannedForEncodings = 0;
			knownRegions = (
				en,
				Base,
			);
			mainGroup = BDD3F9CA2722FD2A00B2AF7F;
			productRefGroup = BDD3F9D42722FD2A00B2AF7F /* Products */;
			projectDirPath = "";
			projectRoot = "";
			targets = (
				BDD3F9D22722FD2A00B2AF7F /* Macro Challenge ADAIL */,
			);
		};
/* End PBXProject section */

/* Begin PBXResourcesBuildPhase section */
		BDD3F9D12722FD2A00B2AF7F /* Resources */ = {
			isa = PBXResourcesBuildPhase;
			buildActionMask = 2147483647;
			files = (
				BDD3F9E32722FD2B00B2AF7F /* LaunchScreen.storyboard in Resources */,
				BDD3F9E02722FD2B00B2AF7F /* Assets.xcassets in Resources */,
				BDD3F9DE2722FD2A00B2AF7F /* Main.storyboard in Resources */,
			);
			runOnlyForDeploymentPostprocessing = 0;
		};
/* End PBXResourcesBuildPhase section */

/* Begin PBXSourcesBuildPhase section */
		BDD3F9CF2722FD2A00B2AF7F /* Sources */ = {
			isa = PBXSourcesBuildPhase;
			buildActionMask = 2147483647;
			files = (
				BDD3F9F52723031800B2AF7F /* HomeProtocol.swift in Sources */,
				BDD3F9F92723034B00B2AF7F /* HomeVC.swift in Sources */,
				BDD3F9DB2722FD2A00B2AF7F /* ViewController.swift in Sources */,
				BDD3F9D72722FD2A00B2AF7F /* AppDelegate.swift in Sources */,
				BDD3F9D92722FD2A00B2AF7F /* SceneDelegate.swift in Sources */,
				BDD3FA012723489900B2AF7F /* TabBarProtocol.swift in Sources */,
				BDD3F9F3272302DD00B2AF7F /* HomePresenter.swift in Sources */,
				BDD3F9F72723032300B2AF7F /* HomeRouter.swift in Sources */,
				BDD3FA03272349FF00B2AF7F /* TabBarRouter.swift in Sources */,
				BDD3F9F1272302CE00B2AF7F /* HomeInteractor.swift in Sources */,
				BDD3FA0527234A7400B2AF7F /* TapBarPresenter.swift in Sources */,
				BDD3F9FF27231C6100B2AF7F /* TabBarViewController.swift in Sources */,
			);
			runOnlyForDeploymentPostprocessing = 0;
		};
/* End PBXSourcesBuildPhase section */

/* Begin PBXVariantGroup section */
		BDD3F9DC2722FD2A00B2AF7F /* Main.storyboard */ = {
			isa = PBXVariantGroup;
			children = (
				BDD3F9DD2722FD2A00B2AF7F /* Base */,
			);
			name = Main.storyboard;
			sourceTree = "<group>";
		};
		BDD3F9E12722FD2B00B2AF7F /* LaunchScreen.storyboard */ = {
			isa = PBXVariantGroup;
			children = (
				BDD3F9E22722FD2B00B2AF7F /* Base */,
			);
			name = LaunchScreen.storyboard;
			sourceTree = "<group>";
		};
/* End PBXVariantGroup section */

/* Begin XCBuildConfiguration section */
		BDD3F9E52722FD2B00B2AF7F /* Debug */ = {
			isa = XCBuildConfiguration;
			buildSettings = {
				ALWAYS_SEARCH_USER_PATHS = NO;
				CLANG_ANALYZER_NONNULL = YES;
				CLANG_ANALYZER_NUMBER_OBJECT_CONVERSION = YES_AGGRESSIVE;
				CLANG_CXX_LANGUAGE_STANDARD = "gnu++17";
				CLANG_CXX_LIBRARY = "libc++";
				CLANG_ENABLE_MODULES = YES;
				CLANG_ENABLE_OBJC_ARC = YES;
				CLANG_ENABLE_OBJC_WEAK = YES;
				CLANG_WARN_BLOCK_CAPTURE_AUTORELEASING = YES;
				CLANG_WARN_BOOL_CONVERSION = YES;
				CLANG_WARN_COMMA = YES;
				CLANG_WARN_CONSTANT_CONVERSION = YES;
				CLANG_WARN_DEPRECATED_OBJC_IMPLEMENTATIONS = YES;
				CLANG_WARN_DIRECT_OBJC_ISA_USAGE = YES_ERROR;
				CLANG_WARN_DOCUMENTATION_COMMENTS = YES;
				CLANG_WARN_EMPTY_BODY = YES;
				CLANG_WARN_ENUM_CONVERSION = YES;
				CLANG_WARN_INFINITE_RECURSION = YES;
				CLANG_WARN_INT_CONVERSION = YES;
				CLANG_WARN_NON_LITERAL_NULL_CONVERSION = YES;
				CLANG_WARN_OBJC_IMPLICIT_RETAIN_SELF = YES;
				CLANG_WARN_OBJC_LITERAL_CONVERSION = YES;
				CLANG_WARN_OBJC_ROOT_CLASS = YES_ERROR;
				CLANG_WARN_QUOTED_INCLUDE_IN_FRAMEWORK_HEADER = YES;
				CLANG_WARN_RANGE_LOOP_ANALYSIS = YES;
				CLANG_WARN_STRICT_PROTOTYPES = YES;
				CLANG_WARN_SUSPICIOUS_MOVE = YES;
				CLANG_WARN_UNGUARDED_AVAILABILITY = YES_AGGRESSIVE;
				CLANG_WARN_UNREACHABLE_CODE = YES;
				CLANG_WARN__DUPLICATE_METHOD_MATCH = YES;
				COPY_PHASE_STRIP = NO;
				DEBUG_INFORMATION_FORMAT = dwarf;
				ENABLE_STRICT_OBJC_MSGSEND = YES;
				ENABLE_TESTABILITY = YES;
				GCC_C_LANGUAGE_STANDARD = gnu11;
				GCC_DYNAMIC_NO_PIC = NO;
				GCC_NO_COMMON_BLOCKS = YES;
				GCC_OPTIMIZATION_LEVEL = 0;
				GCC_PREPROCESSOR_DEFINITIONS = (
					"DEBUG=1",
					"$(inherited)",
				);
				GCC_WARN_64_TO_32_BIT_CONVERSION = YES;
				GCC_WARN_ABOUT_RETURN_TYPE = YES_ERROR;
				GCC_WARN_UNDECLARED_SELECTOR = YES;
				GCC_WARN_UNINITIALIZED_AUTOS = YES_AGGRESSIVE;
				GCC_WARN_UNUSED_FUNCTION = YES;
				GCC_WARN_UNUSED_VARIABLE = YES;
				IPHONEOS_DEPLOYMENT_TARGET = 15.0;
				MTL_ENABLE_DEBUG_INFO = INCLUDE_SOURCE;
				MTL_FAST_MATH = YES;
				ONLY_ACTIVE_ARCH = YES;
				SDKROOT = iphoneos;
				SWIFT_ACTIVE_COMPILATION_CONDITIONS = DEBUG;
				SWIFT_OPTIMIZATION_LEVEL = "-Onone";
			};
			name = Debug;
		};
		BDD3F9E62722FD2B00B2AF7F /* Release */ = {
			isa = XCBuildConfiguration;
			buildSettings = {
				ALWAYS_SEARCH_USER_PATHS = NO;
				CLANG_ANALYZER_NONNULL = YES;
				CLANG_ANALYZER_NUMBER_OBJECT_CONVERSION = YES_AGGRESSIVE;
				CLANG_CXX_LANGUAGE_STANDARD = "gnu++17";
				CLANG_CXX_LIBRARY = "libc++";
				CLANG_ENABLE_MODULES = YES;
				CLANG_ENABLE_OBJC_ARC = YES;
				CLANG_ENABLE_OBJC_WEAK = YES;
				CLANG_WARN_BLOCK_CAPTURE_AUTORELEASING = YES;
				CLANG_WARN_BOOL_CONVERSION = YES;
				CLANG_WARN_COMMA = YES;
				CLANG_WARN_CONSTANT_CONVERSION = YES;
				CLANG_WARN_DEPRECATED_OBJC_IMPLEMENTATIONS = YES;
				CLANG_WARN_DIRECT_OBJC_ISA_USAGE = YES_ERROR;
				CLANG_WARN_DOCUMENTATION_COMMENTS = YES;
				CLANG_WARN_EMPTY_BODY = YES;
				CLANG_WARN_ENUM_CONVERSION = YES;
				CLANG_WARN_INFINITE_RECURSION = YES;
				CLANG_WARN_INT_CONVERSION = YES;
				CLANG_WARN_NON_LITERAL_NULL_CONVERSION = YES;
				CLANG_WARN_OBJC_IMPLICIT_RETAIN_SELF = YES;
				CLANG_WARN_OBJC_LITERAL_CONVERSION = YES;
				CLANG_WARN_OBJC_ROOT_CLASS = YES_ERROR;
				CLANG_WARN_QUOTED_INCLUDE_IN_FRAMEWORK_HEADER = YES;
				CLANG_WARN_RANGE_LOOP_ANALYSIS = YES;
				CLANG_WARN_STRICT_PROTOTYPES = YES;
				CLANG_WARN_SUSPICIOUS_MOVE = YES;
				CLANG_WARN_UNGUARDED_AVAILABILITY = YES_AGGRESSIVE;
				CLANG_WARN_UNREACHABLE_CODE = YES;
				CLANG_WARN__DUPLICATE_METHOD_MATCH = YES;
				COPY_PHASE_STRIP = NO;
				DEBUG_INFORMATION_FORMAT = "dwarf-with-dsym";
				ENABLE_NS_ASSERTIONS = NO;
				ENABLE_STRICT_OBJC_MSGSEND = YES;
				GCC_C_LANGUAGE_STANDARD = gnu11;
				GCC_NO_COMMON_BLOCKS = YES;
				GCC_WARN_64_TO_32_BIT_CONVERSION = YES;
				GCC_WARN_ABOUT_RETURN_TYPE = YES_ERROR;
				GCC_WARN_UNDECLARED_SELECTOR = YES;
				GCC_WARN_UNINITIALIZED_AUTOS = YES_AGGRESSIVE;
				GCC_WARN_UNUSED_FUNCTION = YES;
				GCC_WARN_UNUSED_VARIABLE = YES;
				IPHONEOS_DEPLOYMENT_TARGET = 15.0;
				MTL_ENABLE_DEBUG_INFO = NO;
				MTL_FAST_MATH = YES;
				SDKROOT = iphoneos;
				SWIFT_COMPILATION_MODE = wholemodule;
				SWIFT_OPTIMIZATION_LEVEL = "-O";
				VALIDATE_PRODUCT = YES;
			};
			name = Release;
		};
		BDD3F9E82722FD2B00B2AF7F /* Debug */ = {
			isa = XCBuildConfiguration;
			buildSettings = {
				ASSETCATALOG_COMPILER_APPICON_NAME = AppIcon;
				ASSETCATALOG_COMPILER_GLOBAL_ACCENT_COLOR_NAME = AccentColor;
				CODE_SIGN_STYLE = Automatic;
				CURRENT_PROJECT_VERSION = 1;
				DEVELOPMENT_TEAM = RMQNS23DVX;
				GENERATE_INFOPLIST_FILE = YES;
				INFOPLIST_FILE = "Macro Challenge ADAIL/Info.plist";
				INFOPLIST_KEY_UIApplicationSupportsIndirectInputEvents = YES;
				INFOPLIST_KEY_UILaunchStoryboardName = LaunchScreen;
				INFOPLIST_KEY_UISupportedInterfaceOrientations_iPad = "UIInterfaceOrientationPortrait UIInterfaceOrientationPortraitUpsideDown UIInterfaceOrientationLandscapeLeft UIInterfaceOrientationLandscapeRight";
				INFOPLIST_KEY_UISupportedInterfaceOrientations_iPhone = "UIInterfaceOrientationPortrait UIInterfaceOrientationLandscapeLeft UIInterfaceOrientationLandscapeRight";
				LD_RUNPATH_SEARCH_PATHS = (
					"$(inherited)",
					"@executable_path/Frameworks",
				);
				MARKETING_VERSION = 1.0;
				PRODUCT_BUNDLE_IDENTIFIER = "com.kaelsihombing.Macro-Challenge-ADAIL";
				PRODUCT_NAME = "$(TARGET_NAME)";
				SWIFT_EMIT_LOC_STRINGS = YES;
				SWIFT_VERSION = 5.0;
				TARGETED_DEVICE_FAMILY = "1,2";
			};
			name = Debug;
		};
		BDD3F9E92722FD2B00B2AF7F /* Release */ = {
			isa = XCBuildConfiguration;
			buildSettings = {
				ASSETCATALOG_COMPILER_APPICON_NAME = AppIcon;
				ASSETCATALOG_COMPILER_GLOBAL_ACCENT_COLOR_NAME = AccentColor;
				CODE_SIGN_STYLE = Automatic;
				CURRENT_PROJECT_VERSION = 1;
				DEVELOPMENT_TEAM = RMQNS23DVX;
				GENERATE_INFOPLIST_FILE = YES;
				INFOPLIST_FILE = "Macro Challenge ADAIL/Info.plist";
				INFOPLIST_KEY_UIApplicationSupportsIndirectInputEvents = YES;
				INFOPLIST_KEY_UILaunchStoryboardName = LaunchScreen;
				INFOPLIST_KEY_UISupportedInterfaceOrientations_iPad = "UIInterfaceOrientationPortrait UIInterfaceOrientationPortraitUpsideDown UIInterfaceOrientationLandscapeLeft UIInterfaceOrientationLandscapeRight";
				INFOPLIST_KEY_UISupportedInterfaceOrientations_iPhone = "UIInterfaceOrientationPortrait UIInterfaceOrientationLandscapeLeft UIInterfaceOrientationLandscapeRight";
				LD_RUNPATH_SEARCH_PATHS = (
					"$(inherited)",
					"@executable_path/Frameworks",
				);
				MARKETING_VERSION = 1.0;
				PRODUCT_BUNDLE_IDENTIFIER = "com.kaelsihombing.Macro-Challenge-ADAIL";
				PRODUCT_NAME = "$(TARGET_NAME)";
				SWIFT_EMIT_LOC_STRINGS = YES;
				SWIFT_VERSION = 5.0;
				TARGETED_DEVICE_FAMILY = "1,2";
			};
			name = Release;
		};
/* End XCBuildConfiguration section */

/* Begin XCConfigurationList section */
		BDD3F9CE2722FD2A00B2AF7F /* Build configuration list for PBXProject "Macro Challenge ADAIL" */ = {
			isa = XCConfigurationList;
			buildConfigurations = (
				BDD3F9E52722FD2B00B2AF7F /* Debug */,
				BDD3F9E62722FD2B00B2AF7F /* Release */,
			);
			defaultConfigurationIsVisible = 0;
			defaultConfigurationName = Release;
		};
		BDD3F9E72722FD2B00B2AF7F /* Build configuration list for PBXNativeTarget "Macro Challenge ADAIL" */ = {
			isa = XCConfigurationList;
			buildConfigurations = (
				BDD3F9E82722FD2B00B2AF7F /* Debug */,
				BDD3F9E92722FD2B00B2AF7F /* Release */,
			);
			defaultConfigurationIsVisible = 0;
			defaultConfigurationName = Release;
		};
/* End XCConfigurationList section */
	};
	rootObject = BDD3F9CB2722FD2A00B2AF7F /* Project object */;
}
