// !$*UTF8*$!
{
	archiveVersion = 1;
	classes = {
	};
	objectVersion = 55;
	objects = {

/* Begin PBXBuildFile section */
		4115381027425C2F00154DB1 /* CreateSpacePresenter.swift in Sources */ = {isa = PBXBuildFile; fileRef = 4115380A27425C2F00154DB1 /* CreateSpacePresenter.swift */; };
		4115381127425C2F00154DB1 /* CreateSpaceRouter.swift in Sources */ = {isa = PBXBuildFile; fileRef = 4115380B27425C2F00154DB1 /* CreateSpaceRouter.swift */; };
		4115381227425C2F00154DB1 /* CreateSpaceModels.swift in Sources */ = {isa = PBXBuildFile; fileRef = 4115380C27425C2F00154DB1 /* CreateSpaceModels.swift */; };
		4115381327425C2F00154DB1 /* CreateSpaceInteractor.swift in Sources */ = {isa = PBXBuildFile; fileRef = 4115380D27425C2F00154DB1 /* CreateSpaceInteractor.swift */; };
		4115381427425C2F00154DB1 /* CreateSpaceProtocol.swift in Sources */ = {isa = PBXBuildFile; fileRef = 4115380E27425C2F00154DB1 /* CreateSpaceProtocol.swift */; };
		4115381527425C2F00154DB1 /* CreateSpaceVC.swift in Sources */ = {isa = PBXBuildFile; fileRef = 4115380F27425C2F00154DB1 /* CreateSpaceVC.swift */; };
		4117519B2727C40A00C997E9 /* RecordInteractor.swift in Sources */ = {isa = PBXBuildFile; fileRef = 4117519A2727C40A00C997E9 /* RecordInteractor.swift */; };
		4117519D2727C41200C997E9 /* RecordPresenter.swift in Sources */ = {isa = PBXBuildFile; fileRef = 4117519C2727C41200C997E9 /* RecordPresenter.swift */; };
		4117519F2727C41900C997E9 /* RecordProtocol.swift in Sources */ = {isa = PBXBuildFile; fileRef = 4117519E2727C41900C997E9 /* RecordProtocol.swift */; };
		411751A12727C43500C997E9 /* RecordRouter.swift in Sources */ = {isa = PBXBuildFile; fileRef = 411751A02727C43500C997E9 /* RecordRouter.swift */; };
		411751A32727C43C00C997E9 /* RecordVC.swift in Sources */ = {isa = PBXBuildFile; fileRef = 411751A22727C43C00C997E9 /* RecordVC.swift */; };
		413213B12743ACDE00F5BD9C /* JoinSpacePresenter.swift in Sources */ = {isa = PBXBuildFile; fileRef = 413213AB2743ACDE00F5BD9C /* JoinSpacePresenter.swift */; };
		413213B22743ACDE00F5BD9C /* JoinSpaceRouter.swift in Sources */ = {isa = PBXBuildFile; fileRef = 413213AC2743ACDE00F5BD9C /* JoinSpaceRouter.swift */; };
		413213B32743ACDE00F5BD9C /* JoinSpaceModels.swift in Sources */ = {isa = PBXBuildFile; fileRef = 413213AD2743ACDE00F5BD9C /* JoinSpaceModels.swift */; };
		413213B42743ACDE00F5BD9C /* JoinSpaceInteractor.swift in Sources */ = {isa = PBXBuildFile; fileRef = 413213AE2743ACDE00F5BD9C /* JoinSpaceInteractor.swift */; };
		413213B52743ACDE00F5BD9C /* JoinSpaceProtocol.swift in Sources */ = {isa = PBXBuildFile; fileRef = 413213AF2743ACDE00F5BD9C /* JoinSpaceProtocol.swift */; };
		413213B62743ACDE00F5BD9C /* JoinSpaceVC.swift in Sources */ = {isa = PBXBuildFile; fileRef = 413213B02743ACDE00F5BD9C /* JoinSpaceVC.swift */; };
		4164CEC1273FD8FD00025193 /* Assets.xcassets in Resources */ = {isa = PBXBuildFile; fileRef = 4164CEC0273FD8FD00025193 /* Assets.xcassets */; };
		4184C5D3273D9FF700F81BAD /* OnBoardingVC.swift in Sources */ = {isa = PBXBuildFile; fileRef = 4184C5D2273D9FF700F81BAD /* OnBoardingVC.swift */; };
		4184C5D5273DA03200F81BAD /* OnBoardingProtocol.swift in Sources */ = {isa = PBXBuildFile; fileRef = 4184C5D4273DA03200F81BAD /* OnBoardingProtocol.swift */; };
		4184C5D7273DA04000F81BAD /* OnBoardingRouter.swift in Sources */ = {isa = PBXBuildFile; fileRef = 4184C5D6273DA04000F81BAD /* OnBoardingRouter.swift */; };
		4184C5D9273DA05000F81BAD /* OnBoardingPresenter.swift in Sources */ = {isa = PBXBuildFile; fileRef = 4184C5D8273DA05000F81BAD /* OnBoardingPresenter.swift */; };
		4197A22A273FF3A200FBFBB6 /* Core.swift in Sources */ = {isa = PBXBuildFile; fileRef = 4197A229273FF3A200FBFBB6 /* Core.swift */; };
		41C3761A273E1FF000BA01FF /* OnBoardingCollectionViewCell.swift in Sources */ = {isa = PBXBuildFile; fileRef = 41C37619273E1FF000BA01FF /* OnBoardingCollectionViewCell.swift */; };
		41E6E10727423BBB00527CAA /* MemberCollectionView.swift in Sources */ = {isa = PBXBuildFile; fileRef = 41E6E10627423BBB00527CAA /* MemberCollectionView.swift */; };
		41E6E10927423BE300527CAA /* MemberCollectionViewCell.swift in Sources */ = {isa = PBXBuildFile; fileRef = 41E6E10827423BE300527CAA /* MemberCollectionViewCell.swift */; };
		41E6E10B27423C8900527CAA /* ProfileVCEmptyState.swift in Sources */ = {isa = PBXBuildFile; fileRef = 41E6E10A27423C8900527CAA /* ProfileVCEmptyState.swift */; };
		9BEE11FEFC4F12C2AF48B7B3 /* libPods-Macro Challenge ADAIL.a in Frameworks */ = {isa = PBXBuildFile; fileRef = 5F59F2B2B77366C48A7D0270 /* libPods-Macro Challenge ADAIL.a */; };
		BD06A046273CB96C0030E085 /* Configures.swift in Sources */ = {isa = PBXBuildFile; fileRef = BD06A045273CB96C0030E085 /* Configures.swift */; };
		BD2675AE273CC09B004F7856 /* RecordsTableViewCell.swift in Sources */ = {isa = PBXBuildFile; fileRef = BD2675AD273CC09B004F7856 /* RecordsTableViewCell.swift */; };
		BD2675BD273CFFA8004F7856 /* ExpansesPresenter.swift in Sources */ = {isa = PBXBuildFile; fileRef = BD2675BC273CFFA8004F7856 /* ExpansesPresenter.swift */; };
		BD2675BF273CFFB5004F7856 /* ExpansesRouter.swift in Sources */ = {isa = PBXBuildFile; fileRef = BD2675BE273CFFB5004F7856 /* ExpansesRouter.swift */; };
		BD2675C1273CFFC5004F7856 /* ExpansesProtocol.swift in Sources */ = {isa = PBXBuildFile; fileRef = BD2675C0273CFFC5004F7856 /* ExpansesProtocol.swift */; };
		BD2675C3273CFFDA004F7856 /* ExpansesVC.swift in Sources */ = {isa = PBXBuildFile; fileRef = BD2675C2273CFFDA004F7856 /* ExpansesVC.swift */; };
		BD2675C5273D023F004F7856 /* EasyScrollView.swift in Sources */ = {isa = PBXBuildFile; fileRef = BD2675C4273D023F004F7856 /* EasyScrollView.swift */; };
		BD2675C8273D02A3004F7856 /* LivePreviewer.swift in Sources */ = {isa = PBXBuildFile; fileRef = BD2675C7273D02A3004F7856 /* LivePreviewer.swift */; };
		BD2675CA273D06D3004F7856 /* SwiftUIRouterAdapter.swift in Sources */ = {isa = PBXBuildFile; fileRef = BD2675C9273D06D3004F7856 /* SwiftUIRouterAdapter.swift */; };
		BD2675CD273D5EF6004F7856 /* RemindMeAtVC.swift in Sources */ = {isa = PBXBuildFile; fileRef = BD2675CC273D5EF6004F7856 /* RemindMeAtVC.swift */; };
		BD2675CF273D5F06004F7856 /* RemindMeAtProtocol.swift in Sources */ = {isa = PBXBuildFile; fileRef = BD2675CE273D5F06004F7856 /* RemindMeAtProtocol.swift */; };
		BD2675D1273D5F1A004F7856 /* RemindMeAtRouter.swift in Sources */ = {isa = PBXBuildFile; fileRef = BD2675D0273D5F1A004F7856 /* RemindMeAtRouter.swift */; };
		BD2675D3273D5F2C004F7856 /* RemindMeAtPresenter.swift in Sources */ = {isa = PBXBuildFile; fileRef = BD2675D2273D5F2C004F7856 /* RemindMeAtPresenter.swift */; };
		BD3AA15D274354D00068AAEA /* Extension + UIViewController.swift in Sources */ = {isa = PBXBuildFile; fileRef = BD3AA15C274354D00068AAEA /* Extension + UIViewController.swift */; };
		BD3EB3732747820F00273B0C /* Extension + UIView.swift in Sources */ = {isa = PBXBuildFile; fileRef = BD3EB3722747820F00273B0C /* Extension + UIView.swift */; };
		BD41E729274B3123001EA88F /* IconsPresenter.swift in Sources */ = {isa = PBXBuildFile; fileRef = BD41E723274B3123001EA88F /* IconsPresenter.swift */; };
		BD41E72A274B3123001EA88F /* IconsRouter.swift in Sources */ = {isa = PBXBuildFile; fileRef = BD41E724274B3123001EA88F /* IconsRouter.swift */; };
		BD41E72B274B3123001EA88F /* IconsModels.swift in Sources */ = {isa = PBXBuildFile; fileRef = BD41E725274B3123001EA88F /* IconsModels.swift */; };
		BD41E72C274B3123001EA88F /* IconsInteractor.swift in Sources */ = {isa = PBXBuildFile; fileRef = BD41E726274B3123001EA88F /* IconsInteractor.swift */; };
		BD41E72D274B3123001EA88F /* IconsProtocol.swift in Sources */ = {isa = PBXBuildFile; fileRef = BD41E727274B3123001EA88F /* IconsProtocol.swift */; };
		BD41E72E274B3123001EA88F /* IconsVC.swift in Sources */ = {isa = PBXBuildFile; fileRef = BD41E728274B3123001EA88F /* IconsVC.swift */; };
		BD41E730274B38B9001EA88F /* IconCollectionViewCell.swift in Sources */ = {isa = PBXBuildFile; fileRef = BD41E72F274B38B9001EA88F /* IconCollectionViewCell.swift */; };
		BD474FA327240E15005BF154 /* ProfileVC.swift in Sources */ = {isa = PBXBuildFile; fileRef = BD474FA227240E15005BF154 /* ProfileVC.swift */; };
		BD474FA527240E2E005BF154 /* ProfileRouter.swift in Sources */ = {isa = PBXBuildFile; fileRef = BD474FA427240E2E005BF154 /* ProfileRouter.swift */; };
		BD474FA727240E41005BF154 /* ProfileProtocol.swift in Sources */ = {isa = PBXBuildFile; fileRef = BD474FA627240E41005BF154 /* ProfileProtocol.swift */; };
		BD474FA927240E4E005BF154 /* ProfilePresenter.swift in Sources */ = {isa = PBXBuildFile; fileRef = BD474FA827240E4E005BF154 /* ProfilePresenter.swift */; };
		BD474FAB27240E5D005BF154 /* ProfileInteractor.swift in Sources */ = {isa = PBXBuildFile; fileRef = BD474FAA27240E5D005BF154 /* ProfileInteractor.swift */; };
		BD474FAE27240EC0005BF154 /* Constants.swift in Sources */ = {isa = PBXBuildFile; fileRef = BD474FAD27240EC0005BF154 /* Constants.swift */; };
		BD474FB027240FDC005BF154 /* TabBarVC.swift in Sources */ = {isa = PBXBuildFile; fileRef = BD474FAF27240FDC005BF154 /* TabBarVC.swift */; };
		BD4D657627450DA300EAD0EC /* CardView.swift in Sources */ = {isa = PBXBuildFile; fileRef = BD4D657527450DA300EAD0EC /* CardView.swift */; };
		BD4D65782745127E00EAD0EC /* CardViewTableViewCell.swift in Sources */ = {isa = PBXBuildFile; fileRef = BD4D65772745127E00EAD0EC /* CardViewTableViewCell.swift */; };
		BD6EA535274A3FFB00EF89B5 /* FriendsDebtProtocol.swift in Sources */ = {isa = PBXBuildFile; fileRef = BD6EA52F274A3FFB00EF89B5 /* FriendsDebtProtocol.swift */; };
		BD6EA536274A3FFB00EF89B5 /* FriendsDebtPresenter.swift in Sources */ = {isa = PBXBuildFile; fileRef = BD6EA530274A3FFB00EF89B5 /* FriendsDebtPresenter.swift */; };
		BD6EA537274A3FFB00EF89B5 /* FriendsDebtModels.swift in Sources */ = {isa = PBXBuildFile; fileRef = BD6EA531274A3FFB00EF89B5 /* FriendsDebtModels.swift */; };
		BD6EA538274A3FFB00EF89B5 /* FriendsDebtVC.swift in Sources */ = {isa = PBXBuildFile; fileRef = BD6EA532274A3FFB00EF89B5 /* FriendsDebtVC.swift */; };
		BD6EA539274A3FFB00EF89B5 /* FriendsDebtRouter.swift in Sources */ = {isa = PBXBuildFile; fileRef = BD6EA533274A3FFB00EF89B5 /* FriendsDebtRouter.swift */; };
		BD6EA53A274A3FFB00EF89B5 /* FriendsDebtInteractor.swift in Sources */ = {isa = PBXBuildFile; fileRef = BD6EA534274A3FFB00EF89B5 /* FriendsDebtInteractor.swift */; };
		BD84242927295A1A00B922DC /* Button.swift in Sources */ = {isa = PBXBuildFile; fileRef = BD84242827295A1A00B922DC /* Button.swift */; };
		BD84242B2729628100B922DC /* SignInVC.swift in Sources */ = {isa = PBXBuildFile; fileRef = BD84242A2729628100B922DC /* SignInVC.swift */; };
		BD84242D2729629100B922DC /* SignInProtocol.swift in Sources */ = {isa = PBXBuildFile; fileRef = BD84242C2729629100B922DC /* SignInProtocol.swift */; };
		BD84242F2729629A00B922DC /* SignInPresenter.swift in Sources */ = {isa = PBXBuildFile; fileRef = BD84242E2729629A00B922DC /* SignInPresenter.swift */; };
		BD842431272962A400B922DC /* SignInRouter.swift in Sources */ = {isa = PBXBuildFile; fileRef = BD842430272962A400B922DC /* SignInRouter.swift */; };
		BD84243327296D3900B922DC /* SignUpVC.swift in Sources */ = {isa = PBXBuildFile; fileRef = BD84243227296D3900B922DC /* SignUpVC.swift */; };
		BD84243527296D4A00B922DC /* SignUpProtocol.swift in Sources */ = {isa = PBXBuildFile; fileRef = BD84243427296D4A00B922DC /* SignUpProtocol.swift */; };
		BD84243727296D5700B922DC /* SignUpPresenter.swift in Sources */ = {isa = PBXBuildFile; fileRef = BD84243627296D5700B922DC /* SignUpPresenter.swift */; };
		BD84243927296D6400B922DC /* SignUpRouter.swift in Sources */ = {isa = PBXBuildFile; fileRef = BD84243827296D6400B922DC /* SignUpRouter.swift */; };
		BD8424472729BA7700B922DC /* Localizable.strings in Resources */ = {isa = PBXBuildFile; fileRef = BD8424452729BA7700B922DC /* Localizable.strings */; };
		BD84244A2729BB9F00B922DC /* Strings+Generated.swift in Sources */ = {isa = PBXBuildFile; fileRef = BD8424482729BB9F00B922DC /* Strings+Generated.swift */; };
		BD84244B2729BB9F00B922DC /* Assets+Generated.swift in Sources */ = {isa = PBXBuildFile; fileRef = BD8424492729BB9F00B922DC /* Assets+Generated.swift */; };
		BD8424512729D1B400B922DC /* .gitignore in Resources */ = {isa = PBXBuildFile; fileRef = BD8424502729D1B400B922DC /* .gitignore */; };
		BDD3F9D72722FD2A00B2AF7F /* AppDelegate.swift in Sources */ = {isa = PBXBuildFile; fileRef = BDD3F9D62722FD2A00B2AF7F /* AppDelegate.swift */; };
		BDD3F9D92722FD2A00B2AF7F /* SceneDelegate.swift in Sources */ = {isa = PBXBuildFile; fileRef = BDD3F9D82722FD2A00B2AF7F /* SceneDelegate.swift */; };
		BDD3F9DB2722FD2A00B2AF7F /* ViewController.swift in Sources */ = {isa = PBXBuildFile; fileRef = BDD3F9DA2722FD2A00B2AF7F /* ViewController.swift */; };
		BDD3F9E32722FD2B00B2AF7F /* LaunchScreen.storyboard in Resources */ = {isa = PBXBuildFile; fileRef = BDD3F9E12722FD2B00B2AF7F /* LaunchScreen.storyboard */; };
		BDD3F9F1272302CE00B2AF7F /* HomeInteractor.swift in Sources */ = {isa = PBXBuildFile; fileRef = BDD3F9F0272302CE00B2AF7F /* HomeInteractor.swift */; };
		BDD3F9F3272302DD00B2AF7F /* HomePresenter.swift in Sources */ = {isa = PBXBuildFile; fileRef = BDD3F9F2272302DD00B2AF7F /* HomePresenter.swift */; };
		BDD3F9F52723031800B2AF7F /* HomeProtocol.swift in Sources */ = {isa = PBXBuildFile; fileRef = BDD3F9F42723031800B2AF7F /* HomeProtocol.swift */; };
		BDD3F9F72723032300B2AF7F /* HomeRouter.swift in Sources */ = {isa = PBXBuildFile; fileRef = BDD3F9F62723032300B2AF7F /* HomeRouter.swift */; };
		BDD3F9F92723034B00B2AF7F /* HomeVC.swift in Sources */ = {isa = PBXBuildFile; fileRef = BDD3F9F82723034B00B2AF7F /* HomeVC.swift */; };
		BDD3FA012723489900B2AF7F /* TabBarProtocol.swift in Sources */ = {isa = PBXBuildFile; fileRef = BDD3FA002723489900B2AF7F /* TabBarProtocol.swift */; };
		BDD3FA03272349FF00B2AF7F /* TabBarRouter.swift in Sources */ = {isa = PBXBuildFile; fileRef = BDD3FA02272349FF00B2AF7F /* TabBarRouter.swift */; };
		BDD3FA0527234A7400B2AF7F /* TapBarPresenter.swift in Sources */ = {isa = PBXBuildFile; fileRef = BDD3FA0427234A7400B2AF7F /* TapBarPresenter.swift */; };
/* End PBXBuildFile section */

/* Begin PBXFileReference section */
		4115380A27425C2F00154DB1 /* CreateSpacePresenter.swift */ = {isa = PBXFileReference; lastKnownFileType = sourcecode.swift; path = CreateSpacePresenter.swift; sourceTree = "<group>"; };
		4115380B27425C2F00154DB1 /* CreateSpaceRouter.swift */ = {isa = PBXFileReference; lastKnownFileType = sourcecode.swift; path = CreateSpaceRouter.swift; sourceTree = "<group>"; };
		4115380C27425C2F00154DB1 /* CreateSpaceModels.swift */ = {isa = PBXFileReference; lastKnownFileType = sourcecode.swift; path = CreateSpaceModels.swift; sourceTree = "<group>"; };
		4115380D27425C2F00154DB1 /* CreateSpaceInteractor.swift */ = {isa = PBXFileReference; lastKnownFileType = sourcecode.swift; path = CreateSpaceInteractor.swift; sourceTree = "<group>"; };
		4115380E27425C2F00154DB1 /* CreateSpaceProtocol.swift */ = {isa = PBXFileReference; lastKnownFileType = sourcecode.swift; path = CreateSpaceProtocol.swift; sourceTree = "<group>"; };
		4115380F27425C2F00154DB1 /* CreateSpaceVC.swift */ = {isa = PBXFileReference; lastKnownFileType = sourcecode.swift; path = CreateSpaceVC.swift; sourceTree = "<group>"; };
		4117519A2727C40A00C997E9 /* RecordInteractor.swift */ = {isa = PBXFileReference; lastKnownFileType = sourcecode.swift; path = RecordInteractor.swift; sourceTree = "<group>"; };
		4117519C2727C41200C997E9 /* RecordPresenter.swift */ = {isa = PBXFileReference; lastKnownFileType = sourcecode.swift; path = RecordPresenter.swift; sourceTree = "<group>"; };
		4117519E2727C41900C997E9 /* RecordProtocol.swift */ = {isa = PBXFileReference; lastKnownFileType = sourcecode.swift; path = RecordProtocol.swift; sourceTree = "<group>"; };
		411751A02727C43500C997E9 /* RecordRouter.swift */ = {isa = PBXFileReference; lastKnownFileType = sourcecode.swift; path = RecordRouter.swift; sourceTree = "<group>"; };
		411751A22727C43C00C997E9 /* RecordVC.swift */ = {isa = PBXFileReference; lastKnownFileType = sourcecode.swift; path = RecordVC.swift; sourceTree = "<group>"; };
		413213AB2743ACDE00F5BD9C /* JoinSpacePresenter.swift */ = {isa = PBXFileReference; lastKnownFileType = sourcecode.swift; path = JoinSpacePresenter.swift; sourceTree = "<group>"; };
		413213AC2743ACDE00F5BD9C /* JoinSpaceRouter.swift */ = {isa = PBXFileReference; lastKnownFileType = sourcecode.swift; path = JoinSpaceRouter.swift; sourceTree = "<group>"; };
		413213AD2743ACDE00F5BD9C /* JoinSpaceModels.swift */ = {isa = PBXFileReference; lastKnownFileType = sourcecode.swift; path = JoinSpaceModels.swift; sourceTree = "<group>"; };
		413213AE2743ACDE00F5BD9C /* JoinSpaceInteractor.swift */ = {isa = PBXFileReference; lastKnownFileType = sourcecode.swift; path = JoinSpaceInteractor.swift; sourceTree = "<group>"; };
		413213AF2743ACDE00F5BD9C /* JoinSpaceProtocol.swift */ = {isa = PBXFileReference; lastKnownFileType = sourcecode.swift; path = JoinSpaceProtocol.swift; sourceTree = "<group>"; };
		413213B02743ACDE00F5BD9C /* JoinSpaceVC.swift */ = {isa = PBXFileReference; lastKnownFileType = sourcecode.swift; path = JoinSpaceVC.swift; sourceTree = "<group>"; };
		4164CEC0273FD8FD00025193 /* Assets.xcassets */ = {isa = PBXFileReference; lastKnownFileType = folder.assetcatalog; path = Assets.xcassets; sourceTree = "<group>"; };
		4184C5D2273D9FF700F81BAD /* OnBoardingVC.swift */ = {isa = PBXFileReference; lastKnownFileType = sourcecode.swift; path = OnBoardingVC.swift; sourceTree = "<group>"; };
		4184C5D4273DA03200F81BAD /* OnBoardingProtocol.swift */ = {isa = PBXFileReference; lastKnownFileType = sourcecode.swift; path = OnBoardingProtocol.swift; sourceTree = "<group>"; };
		4184C5D6273DA04000F81BAD /* OnBoardingRouter.swift */ = {isa = PBXFileReference; lastKnownFileType = sourcecode.swift; path = OnBoardingRouter.swift; sourceTree = "<group>"; };
		4184C5D8273DA05000F81BAD /* OnBoardingPresenter.swift */ = {isa = PBXFileReference; lastKnownFileType = sourcecode.swift; path = OnBoardingPresenter.swift; sourceTree = "<group>"; };
		4197A229273FF3A200FBFBB6 /* Core.swift */ = {isa = PBXFileReference; lastKnownFileType = sourcecode.swift; path = Core.swift; sourceTree = "<group>"; };
		41C37619273E1FF000BA01FF /* OnBoardingCollectionViewCell.swift */ = {isa = PBXFileReference; lastKnownFileType = sourcecode.swift; path = OnBoardingCollectionViewCell.swift; sourceTree = "<group>"; };
		41E6E10627423BBB00527CAA /* MemberCollectionView.swift */ = {isa = PBXFileReference; lastKnownFileType = sourcecode.swift; path = MemberCollectionView.swift; sourceTree = "<group>"; };
		41E6E10827423BE300527CAA /* MemberCollectionViewCell.swift */ = {isa = PBXFileReference; lastKnownFileType = sourcecode.swift; path = MemberCollectionViewCell.swift; sourceTree = "<group>"; };
		41E6E10A27423C8900527CAA /* ProfileVCEmptyState.swift */ = {isa = PBXFileReference; lastKnownFileType = sourcecode.swift; path = ProfileVCEmptyState.swift; sourceTree = "<group>"; };
		5F59F2B2B77366C48A7D0270 /* libPods-Macro Challenge ADAIL.a */ = {isa = PBXFileReference; explicitFileType = archive.ar; includeInIndex = 0; path = "libPods-Macro Challenge ADAIL.a"; sourceTree = BUILT_PRODUCTS_DIR; };
		BD06A045273CB96C0030E085 /* Configures.swift */ = {isa = PBXFileReference; lastKnownFileType = sourcecode.swift; path = Configures.swift; sourceTree = "<group>"; };
		BD2675AD273CC09B004F7856 /* RecordsTableViewCell.swift */ = {isa = PBXFileReference; lastKnownFileType = sourcecode.swift; path = RecordsTableViewCell.swift; sourceTree = "<group>"; };
		BD2675BC273CFFA8004F7856 /* ExpansesPresenter.swift */ = {isa = PBXFileReference; lastKnownFileType = sourcecode.swift; path = ExpansesPresenter.swift; sourceTree = "<group>"; };
		BD2675BE273CFFB5004F7856 /* ExpansesRouter.swift */ = {isa = PBXFileReference; lastKnownFileType = sourcecode.swift; path = ExpansesRouter.swift; sourceTree = "<group>"; };
		BD2675C0273CFFC5004F7856 /* ExpansesProtocol.swift */ = {isa = PBXFileReference; lastKnownFileType = sourcecode.swift; path = ExpansesProtocol.swift; sourceTree = "<group>"; };
		BD2675C2273CFFDA004F7856 /* ExpansesVC.swift */ = {isa = PBXFileReference; lastKnownFileType = sourcecode.swift; path = ExpansesVC.swift; sourceTree = "<group>"; };
		BD2675C4273D023F004F7856 /* EasyScrollView.swift */ = {isa = PBXFileReference; lastKnownFileType = sourcecode.swift; path = EasyScrollView.swift; sourceTree = "<group>"; };
		BD2675C7273D02A3004F7856 /* LivePreviewer.swift */ = {isa = PBXFileReference; lastKnownFileType = sourcecode.swift; path = LivePreviewer.swift; sourceTree = "<group>"; };
		BD2675C9273D06D3004F7856 /* SwiftUIRouterAdapter.swift */ = {isa = PBXFileReference; lastKnownFileType = sourcecode.swift; path = SwiftUIRouterAdapter.swift; sourceTree = "<group>"; };
		BD2675CC273D5EF6004F7856 /* RemindMeAtVC.swift */ = {isa = PBXFileReference; lastKnownFileType = sourcecode.swift; path = RemindMeAtVC.swift; sourceTree = "<group>"; };
		BD2675CE273D5F06004F7856 /* RemindMeAtProtocol.swift */ = {isa = PBXFileReference; lastKnownFileType = sourcecode.swift; path = RemindMeAtProtocol.swift; sourceTree = "<group>"; };
		BD2675D0273D5F1A004F7856 /* RemindMeAtRouter.swift */ = {isa = PBXFileReference; lastKnownFileType = sourcecode.swift; path = RemindMeAtRouter.swift; sourceTree = "<group>"; };
		BD2675D2273D5F2C004F7856 /* RemindMeAtPresenter.swift */ = {isa = PBXFileReference; lastKnownFileType = sourcecode.swift; path = RemindMeAtPresenter.swift; sourceTree = "<group>"; };
		BD3AA15C274354D00068AAEA /* Extension + UIViewController.swift */ = {isa = PBXFileReference; lastKnownFileType = sourcecode.swift; path = "Extension + UIViewController.swift"; sourceTree = "<group>"; };
		BD3EB3722747820F00273B0C /* Extension + UIView.swift */ = {isa = PBXFileReference; lastKnownFileType = sourcecode.swift; path = "Extension + UIView.swift"; sourceTree = "<group>"; };
		BD41E723274B3123001EA88F /* IconsPresenter.swift */ = {isa = PBXFileReference; lastKnownFileType = sourcecode.swift; path = IconsPresenter.swift; sourceTree = "<group>"; };
		BD41E724274B3123001EA88F /* IconsRouter.swift */ = {isa = PBXFileReference; lastKnownFileType = sourcecode.swift; path = IconsRouter.swift; sourceTree = "<group>"; };
		BD41E725274B3123001EA88F /* IconsModels.swift */ = {isa = PBXFileReference; lastKnownFileType = sourcecode.swift; path = IconsModels.swift; sourceTree = "<group>"; };
		BD41E726274B3123001EA88F /* IconsInteractor.swift */ = {isa = PBXFileReference; lastKnownFileType = sourcecode.swift; path = IconsInteractor.swift; sourceTree = "<group>"; };
		BD41E727274B3123001EA88F /* IconsProtocol.swift */ = {isa = PBXFileReference; lastKnownFileType = sourcecode.swift; path = IconsProtocol.swift; sourceTree = "<group>"; };
		BD41E728274B3123001EA88F /* IconsVC.swift */ = {isa = PBXFileReference; lastKnownFileType = sourcecode.swift; path = IconsVC.swift; sourceTree = "<group>"; };
		BD41E72F274B38B9001EA88F /* IconCollectionViewCell.swift */ = {isa = PBXFileReference; lastKnownFileType = sourcecode.swift; path = IconCollectionViewCell.swift; sourceTree = "<group>"; };
		BD474FA227240E15005BF154 /* ProfileVC.swift */ = {isa = PBXFileReference; lastKnownFileType = sourcecode.swift; path = ProfileVC.swift; sourceTree = "<group>"; };
		BD474FA427240E2E005BF154 /* ProfileRouter.swift */ = {isa = PBXFileReference; lastKnownFileType = sourcecode.swift; path = ProfileRouter.swift; sourceTree = "<group>"; };
		BD474FA627240E41005BF154 /* ProfileProtocol.swift */ = {isa = PBXFileReference; lastKnownFileType = sourcecode.swift; path = ProfileProtocol.swift; sourceTree = "<group>"; };
		BD474FA827240E4E005BF154 /* ProfilePresenter.swift */ = {isa = PBXFileReference; lastKnownFileType = sourcecode.swift; path = ProfilePresenter.swift; sourceTree = "<group>"; };
		BD474FAA27240E5D005BF154 /* ProfileInteractor.swift */ = {isa = PBXFileReference; lastKnownFileType = sourcecode.swift; path = ProfileInteractor.swift; sourceTree = "<group>"; };
		BD474FAD27240EC0005BF154 /* Constants.swift */ = {isa = PBXFileReference; lastKnownFileType = sourcecode.swift; path = Constants.swift; sourceTree = "<group>"; };
		BD474FAF27240FDC005BF154 /* TabBarVC.swift */ = {isa = PBXFileReference; lastKnownFileType = sourcecode.swift; path = TabBarVC.swift; sourceTree = "<group>"; };
		BD4D657527450DA300EAD0EC /* CardView.swift */ = {isa = PBXFileReference; lastKnownFileType = sourcecode.swift; path = CardView.swift; sourceTree = "<group>"; };
		BD4D65772745127E00EAD0EC /* CardViewTableViewCell.swift */ = {isa = PBXFileReference; lastKnownFileType = sourcecode.swift; path = CardViewTableViewCell.swift; sourceTree = "<group>"; };
		BD6EA52F274A3FFB00EF89B5 /* FriendsDebtProtocol.swift */ = {isa = PBXFileReference; fileEncoding = 4; lastKnownFileType = sourcecode.swift; path = FriendsDebtProtocol.swift; sourceTree = "<group>"; };
		BD6EA530274A3FFB00EF89B5 /* FriendsDebtPresenter.swift */ = {isa = PBXFileReference; fileEncoding = 4; lastKnownFileType = sourcecode.swift; path = FriendsDebtPresenter.swift; sourceTree = "<group>"; };
		BD6EA531274A3FFB00EF89B5 /* FriendsDebtModels.swift */ = {isa = PBXFileReference; fileEncoding = 4; lastKnownFileType = sourcecode.swift; path = FriendsDebtModels.swift; sourceTree = "<group>"; };
		BD6EA532274A3FFB00EF89B5 /* FriendsDebtVC.swift */ = {isa = PBXFileReference; fileEncoding = 4; lastKnownFileType = sourcecode.swift; path = FriendsDebtVC.swift; sourceTree = "<group>"; };
		BD6EA533274A3FFB00EF89B5 /* FriendsDebtRouter.swift */ = {isa = PBXFileReference; fileEncoding = 4; lastKnownFileType = sourcecode.swift; path = FriendsDebtRouter.swift; sourceTree = "<group>"; };
		BD6EA534274A3FFB00EF89B5 /* FriendsDebtInteractor.swift */ = {isa = PBXFileReference; fileEncoding = 4; lastKnownFileType = sourcecode.swift; path = FriendsDebtInteractor.swift; sourceTree = "<group>"; };
		BD84242827295A1A00B922DC /* Button.swift */ = {isa = PBXFileReference; lastKnownFileType = sourcecode.swift; path = Button.swift; sourceTree = "<group>"; };
		BD84242A2729628100B922DC /* SignInVC.swift */ = {isa = PBXFileReference; lastKnownFileType = sourcecode.swift; path = SignInVC.swift; sourceTree = "<group>"; };
		BD84242C2729629100B922DC /* SignInProtocol.swift */ = {isa = PBXFileReference; lastKnownFileType = sourcecode.swift; path = SignInProtocol.swift; sourceTree = "<group>"; };
		BD84242E2729629A00B922DC /* SignInPresenter.swift */ = {isa = PBXFileReference; lastKnownFileType = sourcecode.swift; path = SignInPresenter.swift; sourceTree = "<group>"; };
		BD842430272962A400B922DC /* SignInRouter.swift */ = {isa = PBXFileReference; lastKnownFileType = sourcecode.swift; path = SignInRouter.swift; sourceTree = "<group>"; };
		BD84243227296D3900B922DC /* SignUpVC.swift */ = {isa = PBXFileReference; lastKnownFileType = sourcecode.swift; path = SignUpVC.swift; sourceTree = "<group>"; };
		BD84243427296D4A00B922DC /* SignUpProtocol.swift */ = {isa = PBXFileReference; lastKnownFileType = sourcecode.swift; path = SignUpProtocol.swift; sourceTree = "<group>"; };
		BD84243627296D5700B922DC /* SignUpPresenter.swift */ = {isa = PBXFileReference; lastKnownFileType = sourcecode.swift; path = SignUpPresenter.swift; sourceTree = "<group>"; };
		BD84243827296D6400B922DC /* SignUpRouter.swift */ = {isa = PBXFileReference; lastKnownFileType = sourcecode.swift; path = SignUpRouter.swift; sourceTree = "<group>"; };
		BD8424462729BA7700B922DC /* Base */ = {isa = PBXFileReference; lastKnownFileType = text.plist.strings; name = Base; path = Base.lproj/Localizable.strings; sourceTree = "<group>"; };
		BD8424482729BB9F00B922DC /* Strings+Generated.swift */ = {isa = PBXFileReference; fileEncoding = 4; lastKnownFileType = sourcecode.swift; path = "Strings+Generated.swift"; sourceTree = "<group>"; };
		BD8424492729BB9F00B922DC /* Assets+Generated.swift */ = {isa = PBXFileReference; fileEncoding = 4; lastKnownFileType = sourcecode.swift; path = "Assets+Generated.swift"; sourceTree = "<group>"; };
		BD84244C2729C0C400B922DC /* id */ = {isa = PBXFileReference; lastKnownFileType = text.plist.strings; name = id; path = id.lproj/Localizable.strings; sourceTree = "<group>"; };
		BD8424502729D1B400B922DC /* .gitignore */ = {isa = PBXFileReference; lastKnownFileType = text; path = .gitignore; sourceTree = "<group>"; };
		BDA71D23272C575600EEF4C6 /* Macro Challenge ADAIL.entitlements */ = {isa = PBXFileReference; lastKnownFileType = text.plist.entitlements; path = "Macro Challenge ADAIL.entitlements"; sourceTree = "<group>"; };
		BDD3F9D32722FD2A00B2AF7F /* Macro Challenge ADAIL.app */ = {isa = PBXFileReference; explicitFileType = wrapper.application; includeInIndex = 0; path = "Macro Challenge ADAIL.app"; sourceTree = BUILT_PRODUCTS_DIR; };
		BDD3F9D62722FD2A00B2AF7F /* AppDelegate.swift */ = {isa = PBXFileReference; lastKnownFileType = sourcecode.swift; path = AppDelegate.swift; sourceTree = "<group>"; };
		BDD3F9D82722FD2A00B2AF7F /* SceneDelegate.swift */ = {isa = PBXFileReference; lastKnownFileType = sourcecode.swift; path = SceneDelegate.swift; sourceTree = "<group>"; };
		BDD3F9DA2722FD2A00B2AF7F /* ViewController.swift */ = {isa = PBXFileReference; lastKnownFileType = sourcecode.swift; path = ViewController.swift; sourceTree = "<group>"; };
		BDD3F9E22722FD2B00B2AF7F /* Base */ = {isa = PBXFileReference; lastKnownFileType = file.storyboard; name = Base; path = Base.lproj/LaunchScreen.storyboard; sourceTree = "<group>"; };
		BDD3F9E42722FD2B00B2AF7F /* Info.plist */ = {isa = PBXFileReference; lastKnownFileType = text.plist.xml; path = Info.plist; sourceTree = "<group>"; };
		BDD3F9F0272302CE00B2AF7F /* HomeInteractor.swift */ = {isa = PBXFileReference; lastKnownFileType = sourcecode.swift; path = HomeInteractor.swift; sourceTree = "<group>"; };
		BDD3F9F2272302DD00B2AF7F /* HomePresenter.swift */ = {isa = PBXFileReference; lastKnownFileType = sourcecode.swift; path = HomePresenter.swift; sourceTree = "<group>"; };
		BDD3F9F42723031800B2AF7F /* HomeProtocol.swift */ = {isa = PBXFileReference; lastKnownFileType = sourcecode.swift; path = HomeProtocol.swift; sourceTree = "<group>"; };
		BDD3F9F62723032300B2AF7F /* HomeRouter.swift */ = {isa = PBXFileReference; lastKnownFileType = sourcecode.swift; path = HomeRouter.swift; sourceTree = "<group>"; };
		BDD3F9F82723034B00B2AF7F /* HomeVC.swift */ = {isa = PBXFileReference; lastKnownFileType = sourcecode.swift; path = HomeVC.swift; sourceTree = "<group>"; };
		BDD3FA002723489900B2AF7F /* TabBarProtocol.swift */ = {isa = PBXFileReference; lastKnownFileType = sourcecode.swift; path = TabBarProtocol.swift; sourceTree = "<group>"; };
		BDD3FA02272349FF00B2AF7F /* TabBarRouter.swift */ = {isa = PBXFileReference; lastKnownFileType = sourcecode.swift; path = TabBarRouter.swift; sourceTree = "<group>"; };
		BDD3FA0427234A7400B2AF7F /* TapBarPresenter.swift */ = {isa = PBXFileReference; lastKnownFileType = sourcecode.swift; path = TapBarPresenter.swift; sourceTree = "<group>"; };
		C7350901D25C087E18E3573F /* Pods-Macro Challenge ADAIL.release.xcconfig */ = {isa = PBXFileReference; includeInIndex = 1; lastKnownFileType = text.xcconfig; name = "Pods-Macro Challenge ADAIL.release.xcconfig"; path = "Target Support Files/Pods-Macro Challenge ADAIL/Pods-Macro Challenge ADAIL.release.xcconfig"; sourceTree = "<group>"; };
		EFEE89E27E48416436B2195A /* Pods-Macro Challenge ADAIL.debug.xcconfig */ = {isa = PBXFileReference; includeInIndex = 1; lastKnownFileType = text.xcconfig; name = "Pods-Macro Challenge ADAIL.debug.xcconfig"; path = "Target Support Files/Pods-Macro Challenge ADAIL/Pods-Macro Challenge ADAIL.debug.xcconfig"; sourceTree = "<group>"; };
/* End PBXFileReference section */

/* Begin PBXFrameworksBuildPhase section */
		BDD3F9D02722FD2A00B2AF7F /* Frameworks */ = {
			isa = PBXFrameworksBuildPhase;
			buildActionMask = 2147483647;
			files = (
				9BEE11FEFC4F12C2AF48B7B3 /* libPods-Macro Challenge ADAIL.a in Frameworks */,
			);
			runOnlyForDeploymentPostprocessing = 0;
		};
/* End PBXFrameworksBuildPhase section */

/* Begin PBXGroup section */
		0F2F6F52B6F4D5488B0C02ED /* Pods */ = {
			isa = PBXGroup;
			children = (
				EFEE89E27E48416436B2195A /* Pods-Macro Challenge ADAIL.debug.xcconfig */,
				C7350901D25C087E18E3573F /* Pods-Macro Challenge ADAIL.release.xcconfig */,
			);
			path = Pods;
			sourceTree = "<group>";
		};
		40103B7FD706D911A49253B0 /* Frameworks */ = {
			isa = PBXGroup;
			children = (
				5F59F2B2B77366C48A7D0270 /* libPods-Macro Challenge ADAIL.a */,
			);
			name = Frameworks;
			sourceTree = "<group>";
		};
		411537F827424B3400154DB1 /* Views */ = {
			isa = PBXGroup;
			children = (
				41C37619273E1FF000BA01FF /* OnBoardingCollectionViewCell.swift */,
			);
			path = Views;
			sourceTree = "<group>";
		};
		411537F927424B8700154DB1 /* Shared */ = {
			isa = PBXGroup;
			children = (
				4197A229273FF3A200FBFBB6 /* Core.swift */,
			);
			path = Shared;
			sourceTree = "<group>";
		};
		411538082742560000154DB1 /* Views */ = {
			isa = PBXGroup;
			children = (
				41E6E10A27423C8900527CAA /* ProfileVCEmptyState.swift */,
				41E6E10627423BBB00527CAA /* MemberCollectionView.swift */,
				41E6E10827423BE300527CAA /* MemberCollectionViewCell.swift */,
			);
			path = Views;
			sourceTree = "<group>";
		};
		4115380927425C0B00154DB1 /* CreateSpace */ = {
			isa = PBXGroup;
			children = (
				4115380A27425C2F00154DB1 /* CreateSpacePresenter.swift */,
				4115380B27425C2F00154DB1 /* CreateSpaceRouter.swift */,
				4115380C27425C2F00154DB1 /* CreateSpaceModels.swift */,
				4115380D27425C2F00154DB1 /* CreateSpaceInteractor.swift */,
				4115380E27425C2F00154DB1 /* CreateSpaceProtocol.swift */,
				4115380F27425C2F00154DB1 /* CreateSpaceVC.swift */,
			);
			path = CreateSpace;
			sourceTree = "<group>";
		};
		411751992727C3F500C997E9 /* Records */ = {
			isa = PBXGroup;
			children = (
				4117519A2727C40A00C997E9 /* RecordInteractor.swift */,
				4117519C2727C41200C997E9 /* RecordPresenter.swift */,
				4117519E2727C41900C997E9 /* RecordProtocol.swift */,
				411751A02727C43500C997E9 /* RecordRouter.swift */,
				411751A22727C43C00C997E9 /* RecordVC.swift */,
			);
			path = Records;
			sourceTree = "<group>";
		};
		413213AA2743ACCF00F5BD9C /* JoinSpace */ = {
			isa = PBXGroup;
			children = (
				413213AB2743ACDE00F5BD9C /* JoinSpacePresenter.swift */,
				413213AC2743ACDE00F5BD9C /* JoinSpaceRouter.swift */,
				413213AD2743ACDE00F5BD9C /* JoinSpaceModels.swift */,
				413213AE2743ACDE00F5BD9C /* JoinSpaceInteractor.swift */,
				413213AF2743ACDE00F5BD9C /* JoinSpaceProtocol.swift */,
				413213B02743ACDE00F5BD9C /* JoinSpaceVC.swift */,
			);
			path = JoinSpace;
			sourceTree = "<group>";
		};
		4184C5D1273D9FDD00F81BAD /* OnBoarding */ = {
			isa = PBXGroup;
			children = (
				4184C5D4273DA03200F81BAD /* OnBoardingProtocol.swift */,
				4184C5D6273DA04000F81BAD /* OnBoardingRouter.swift */,
				4184C5D8273DA05000F81BAD /* OnBoardingPresenter.swift */,
				4184C5D2273D9FF700F81BAD /* OnBoardingVC.swift */,
				411537F827424B3400154DB1 /* Views */,
			);
			path = OnBoarding;
			sourceTree = "<group>";
		};
		BD06A044273CB9570030E085 /* Extensions */ = {
			isa = PBXGroup;
			children = (
				BD06A045273CB96C0030E085 /* Configures.swift */,
				BD3AA15C274354D00068AAEA /* Extension + UIViewController.swift */,
				BD3EB3722747820F00273B0C /* Extension + UIView.swift */,
			);
			path = Extensions;
			sourceTree = "<group>";
		};
		BD0DE93C27281D6D0037FD44 /* Auth */ = {
			isa = PBXGroup;
			children = (
				BD0DE93E27281DDF0037FD44 /* SignUp */,
				BD0DE93D27281D7B0037FD44 /* SignIn */,
			);
			path = Auth;
			sourceTree = "<group>";
		};
		BD0DE93D27281D7B0037FD44 /* SignIn */ = {
			isa = PBXGroup;
			children = (
				BD84242A2729628100B922DC /* SignInVC.swift */,
				BD84242C2729629100B922DC /* SignInProtocol.swift */,
				BD84242E2729629A00B922DC /* SignInPresenter.swift */,
				BD842430272962A400B922DC /* SignInRouter.swift */,
			);
			path = SignIn;
			sourceTree = "<group>";
		};
		BD0DE93E27281DDF0037FD44 /* SignUp */ = {
			isa = PBXGroup;
			children = (
				BD84243227296D3900B922DC /* SignUpVC.swift */,
				BD84243427296D4A00B922DC /* SignUpProtocol.swift */,
				BD84243627296D5700B922DC /* SignUpPresenter.swift */,
				BD84243827296D6400B922DC /* SignUpRouter.swift */,
			);
			path = SignUp;
			sourceTree = "<group>";
		};
		BD2675AC273CC076004F7856 /* Cells */ = {
			isa = PBXGroup;
			children = (
				BD2675AD273CC09B004F7856 /* RecordsTableViewCell.swift */,
				BD4D65772745127E00EAD0EC /* CardViewTableViewCell.swift */,
				BD41E72F274B38B9001EA88F /* IconCollectionViewCell.swift */,
			);
			path = Cells;
			sourceTree = "<group>";
		};
		BD2675BB273CFF8F004F7856 /* Expanses */ = {
			isa = PBXGroup;
			children = (
				BD2675BC273CFFA8004F7856 /* ExpansesPresenter.swift */,
				BD2675C0273CFFC5004F7856 /* ExpansesProtocol.swift */,
				BD2675BE273CFFB5004F7856 /* ExpansesRouter.swift */,
				BD2675C2273CFFDA004F7856 /* ExpansesVC.swift */,
			);
			path = Expanses;
			sourceTree = "<group>";
		};
		BD2675C6273D0282004F7856 /* LivePreviewer */ = {
			isa = PBXGroup;
			children = (
				BD2675C7273D02A3004F7856 /* LivePreviewer.swift */,
				BD2675C9273D06D3004F7856 /* SwiftUIRouterAdapter.swift */,
			);
			path = LivePreviewer;
			sourceTree = "<group>";
		};
		BD2675CB273D5ECF004F7856 /* RemindMeAt */ = {
			isa = PBXGroup;
			children = (
				BD2675CC273D5EF6004F7856 /* RemindMeAtVC.swift */,
				BD2675CE273D5F06004F7856 /* RemindMeAtProtocol.swift */,
				BD2675D0273D5F1A004F7856 /* RemindMeAtRouter.swift */,
				BD2675D2273D5F2C004F7856 /* RemindMeAtPresenter.swift */,
			);
			path = RemindMeAt;
			sourceTree = "<group>";
		};
		BD41E722274B30FB001EA88F /* Icons */ = {
			isa = PBXGroup;
			children = (
				BD41E723274B3123001EA88F /* IconsPresenter.swift */,
				BD41E724274B3123001EA88F /* IconsRouter.swift */,
				BD41E725274B3123001EA88F /* IconsModels.swift */,
				BD41E726274B3123001EA88F /* IconsInteractor.swift */,
				BD41E727274B3123001EA88F /* IconsProtocol.swift */,
				BD41E728274B3123001EA88F /* IconsVC.swift */,
			);
			path = Icons;
			sourceTree = "<group>";
		};
		BD474FA127240DBA005BF154 /* Profile */ = {
			isa = PBXGroup;
			children = (
				BD474FAA27240E5D005BF154 /* ProfileInteractor.swift */,
				BD474FA827240E4E005BF154 /* ProfilePresenter.swift */,
				BD474FA627240E41005BF154 /* ProfileProtocol.swift */,
				BD474FA427240E2E005BF154 /* ProfileRouter.swift */,
				BD474FA227240E15005BF154 /* ProfileVC.swift */,
				411538082742560000154DB1 /* Views */,
			);
			path = Profile;
			sourceTree = "<group>";
		};
		BD474FAC27240EA3005BF154 /* Constants */ = {
			isa = PBXGroup;
			children = (
				BD474FAD27240EC0005BF154 /* Constants.swift */,
			);
			path = Constants;
			sourceTree = "<group>";
		};
		BD6EA52E274A3FFB00EF89B5 /* FriendsDebt */ = {
			isa = PBXGroup;
			children = (
				BD6EA52F274A3FFB00EF89B5 /* FriendsDebtProtocol.swift */,
				BD6EA530274A3FFB00EF89B5 /* FriendsDebtPresenter.swift */,
				BD6EA531274A3FFB00EF89B5 /* FriendsDebtModels.swift */,
				BD6EA532274A3FFB00EF89B5 /* FriendsDebtVC.swift */,
				BD6EA533274A3FFB00EF89B5 /* FriendsDebtRouter.swift */,
				BD6EA534274A3FFB00EF89B5 /* FriendsDebtInteractor.swift */,
			);
			path = FriendsDebt;
			sourceTree = "<group>";
		};
		BD84242727295A0E00B922DC /* UI */ = {
			isa = PBXGroup;
			children = (
				BD2675AC273CC076004F7856 /* Cells */,
				BD84242827295A1A00B922DC /* Button.swift */,
				BD2675C4273D023F004F7856 /* EasyScrollView.swift */,
				BD4D657527450DA300EAD0EC /* CardView.swift */,
			);
			path = UI;
			sourceTree = "<group>";
		};
		BD8424402729B3AA00B922DC /* SwiftGen */ = {
			isa = PBXGroup;
			children = (
				BD8424492729BB9F00B922DC /* Assets+Generated.swift */,
				BD8424482729BB9F00B922DC /* Strings+Generated.swift */,
			);
			path = SwiftGen;
			sourceTree = "<group>";
		};
		BDD3F9CA2722FD2A00B2AF7F = {
			isa = PBXGroup;
			children = (
				BD8424502729D1B400B922DC /* .gitignore */,
				BDD3F9D52722FD2A00B2AF7F /* Macro Challenge ADAIL */,
				BDD3F9D42722FD2A00B2AF7F /* Products */,
				0F2F6F52B6F4D5488B0C02ED /* Pods */,
				40103B7FD706D911A49253B0 /* Frameworks */,
			);
			sourceTree = "<group>";
		};
		BDD3F9D42722FD2A00B2AF7F /* Products */ = {
			isa = PBXGroup;
			children = (
				BDD3F9D32722FD2A00B2AF7F /* Macro Challenge ADAIL.app */,
			);
			name = Products;
			sourceTree = "<group>";
		};
		BDD3F9D52722FD2A00B2AF7F /* Macro Challenge ADAIL */ = {
			isa = PBXGroup;
			children = (
				BDA71D23272C575600EEF4C6 /* Macro Challenge ADAIL.entitlements */,
				BD2675C6273D0282004F7856 /* LivePreviewer */,
				BD06A044273CB9570030E085 /* Extensions */,
				BD84242727295A0E00B922DC /* UI */,
				BD474FAC27240EA3005BF154 /* Constants */,
				411537F927424B8700154DB1 /* Shared */,
				BDD3F9EA2723027600B2AF7F /* Modules */,
				BD8424402729B3AA00B922DC /* SwiftGen */,
				BDD3F9D62722FD2A00B2AF7F /* AppDelegate.swift */,
				BDD3F9D82722FD2A00B2AF7F /* SceneDelegate.swift */,
				BDD3F9DA2722FD2A00B2AF7F /* ViewController.swift */,
				BDD3F9E12722FD2B00B2AF7F /* LaunchScreen.storyboard */,
				4164CEC0273FD8FD00025193 /* Assets.xcassets */,
				BDD3F9E42722FD2B00B2AF7F /* Info.plist */,
				BD8424452729BA7700B922DC /* Localizable.strings */,
			);
			path = "Macro Challenge ADAIL";
			sourceTree = "<group>";
		};
		BDD3F9EA2723027600B2AF7F /* Modules */ = {
			isa = PBXGroup;
			children = (
				BD41E722274B30FB001EA88F /* Icons */,
				BD6EA52E274A3FFB00EF89B5 /* FriendsDebt */,
				413213AA2743ACCF00F5BD9C /* JoinSpace */,
				4115380927425C0B00154DB1 /* CreateSpace */,
				BD2675CB273D5ECF004F7856 /* RemindMeAt */,
				BD2675BB273CFF8F004F7856 /* Expanses */,
				BD0DE93C27281D6D0037FD44 /* Auth */,
				4184C5D1273D9FDD00F81BAD /* OnBoarding */,
				BDD3F9FB27231BEE00B2AF7F /* TapBar */,
				BDD3F9ED272302B000B2AF7F /* Home */,
				411751992727C3F500C997E9 /* Records */,
				BD474FA127240DBA005BF154 /* Profile */,
			);
			path = Modules;
			sourceTree = "<group>";
		};
		BDD3F9ED272302B000B2AF7F /* Home */ = {
			isa = PBXGroup;
			children = (
				BDD3F9F0272302CE00B2AF7F /* HomeInteractor.swift */,
				BDD3F9F2272302DD00B2AF7F /* HomePresenter.swift */,
				BDD3F9F42723031800B2AF7F /* HomeProtocol.swift */,
				BDD3F9F62723032300B2AF7F /* HomeRouter.swift */,
				BDD3F9F82723034B00B2AF7F /* HomeVC.swift */,
			);
			path = Home;
			sourceTree = "<group>";
		};
		BDD3F9FB27231BEE00B2AF7F /* TapBar */ = {
			isa = PBXGroup;
			children = (
				BDD3FA002723489900B2AF7F /* TabBarProtocol.swift */,
				BDD3FA02272349FF00B2AF7F /* TabBarRouter.swift */,
				BDD3FA0427234A7400B2AF7F /* TapBarPresenter.swift */,
				BD474FAF27240FDC005BF154 /* TabBarVC.swift */,
			);
			path = TapBar;
			sourceTree = "<group>";
		};
/* End PBXGroup section */

/* Begin PBXNativeTarget section */
		BDD3F9D22722FD2A00B2AF7F /* Macro Challenge ADAIL */ = {
			isa = PBXNativeTarget;
			buildConfigurationList = BDD3F9E72722FD2B00B2AF7F /* Build configuration list for PBXNativeTarget "Macro Challenge ADAIL" */;
			buildPhases = (
				B77EC8538B9267163AD4F452 /* [CP] Check Pods Manifest.lock */,
				BDD3F9CF2722FD2A00B2AF7F /* Sources */,
				BDD3F9D02722FD2A00B2AF7F /* Frameworks */,
				BDD3F9D12722FD2A00B2AF7F /* Resources */,
				BD84244E2729C5F700B922DC /* SwiftGen */,
			);
			buildRules = (
			);
			dependencies = (
			);
			name = "Macro Challenge ADAIL";
			productName = "Macro Challenge ADAIL";
			productReference = BDD3F9D32722FD2A00B2AF7F /* Macro Challenge ADAIL.app */;
			productType = "com.apple.product-type.application";
		};
/* End PBXNativeTarget section */

/* Begin PBXProject section */
		BDD3F9CB2722FD2A00B2AF7F /* Project object */ = {
			isa = PBXProject;
			attributes = {
				BuildIndependentTargetsInParallel = 1;
				LastSwiftUpdateCheck = 1300;
				LastUpgradeCheck = 1300;
				TargetAttributes = {
					BDD3F9D22722FD2A00B2AF7F = {
						CreatedOnToolsVersion = 13.0;
					};
				};
			};
			buildConfigurationList = BDD3F9CE2722FD2A00B2AF7F /* Build configuration list for PBXProject "Macro Challenge ADAIL" */;
			compatibilityVersion = "Xcode 13.0";
			developmentRegion = en;
			hasScannedForEncodings = 0;
			knownRegions = (
				en,
				Base,
				id,
			);
			mainGroup = BDD3F9CA2722FD2A00B2AF7F;
			productRefGroup = BDD3F9D42722FD2A00B2AF7F /* Products */;
			projectDirPath = "";
			projectRoot = "";
			targets = (
				BDD3F9D22722FD2A00B2AF7F /* Macro Challenge ADAIL */,
			);
		};
/* End PBXProject section */

/* Begin PBXResourcesBuildPhase section */
		BDD3F9D12722FD2A00B2AF7F /* Resources */ = {
			isa = PBXResourcesBuildPhase;
			buildActionMask = 2147483647;
			files = (
				BD8424512729D1B400B922DC /* .gitignore in Resources */,
				BDD3F9E32722FD2B00B2AF7F /* LaunchScreen.storyboard in Resources */,
				4164CEC1273FD8FD00025193 /* Assets.xcassets in Resources */,
				BD8424472729BA7700B922DC /* Localizable.strings in Resources */,
			);
			runOnlyForDeploymentPostprocessing = 0;
		};
/* End PBXResourcesBuildPhase section */

/* Begin PBXShellScriptBuildPhase section */
		B77EC8538B9267163AD4F452 /* [CP] Check Pods Manifest.lock */ = {
			isa = PBXShellScriptBuildPhase;
			buildActionMask = 2147483647;
			files = (
			);
			inputFileListPaths = (
			);
			inputPaths = (
				"${PODS_PODFILE_DIR_PATH}/Podfile.lock",
				"${PODS_ROOT}/Manifest.lock",
			);
			name = "[CP] Check Pods Manifest.lock";
			outputFileListPaths = (
			);
			outputPaths = (
				"$(DERIVED_FILE_DIR)/Pods-Macro Challenge ADAIL-checkManifestLockResult.txt",
			);
			runOnlyForDeploymentPostprocessing = 0;
			shellPath = /bin/sh;
			shellScript = "diff \"${PODS_PODFILE_DIR_PATH}/Podfile.lock\" \"${PODS_ROOT}/Manifest.lock\" > /dev/null\nif [ $? != 0 ] ; then\n    # print error to STDERR\n    echo \"error: The sandbox is not in sync with the Podfile.lock. Run 'pod install' or update your CocoaPods installation.\" >&2\n    exit 1\nfi\n# This output is used by Xcode 'outputs' to avoid re-running this script phase.\necho \"SUCCESS\" > \"${SCRIPT_OUTPUT_FILE_0}\"\n";
			showEnvVarsInLog = 0;
		};
		BD84244E2729C5F700B922DC /* SwiftGen */ = {
			isa = PBXShellScriptBuildPhase;
			buildActionMask = 2147483647;
			files = (
			);
			inputFileListPaths = (
			);
			inputPaths = (
			);
			name = SwiftGen;
			outputFileListPaths = (
			);
			outputPaths = (
			);
			runOnlyForDeploymentPostprocessing = 0;
			shellPath = /bin/sh;
			shellScript = "Pods/SwiftGen/bin/swiftgen\n";
		};
/* End PBXShellScriptBuildPhase section */

/* Begin PBXSourcesBuildPhase section */
		BDD3F9CF2722FD2A00B2AF7F /* Sources */ = {
			isa = PBXSourcesBuildPhase;
			buildActionMask = 2147483647;
			files = (
				BD2675CD273D5EF6004F7856 /* RemindMeAtVC.swift in Sources */,
				BD6EA539274A3FFB00EF89B5 /* FriendsDebtRouter.swift in Sources */,
				BDD3F9F52723031800B2AF7F /* HomeProtocol.swift in Sources */,
				41E6E10727423BBB00527CAA /* MemberCollectionView.swift in Sources */,
				BD41E72B274B3123001EA88F /* IconsModels.swift in Sources */,
				BD2675CF273D5F06004F7856 /* RemindMeAtProtocol.swift in Sources */,
				BD84243727296D5700B922DC /* SignUpPresenter.swift in Sources */,
				BD84244B2729BB9F00B922DC /* Assets+Generated.swift in Sources */,
				4184C5D7273DA04000F81BAD /* OnBoardingRouter.swift in Sources */,
				BDD3F9F92723034B00B2AF7F /* HomeVC.swift in Sources */,
				4115381227425C2F00154DB1 /* CreateSpaceModels.swift in Sources */,
				4184C5D5273DA03200F81BAD /* OnBoardingProtocol.swift in Sources */,
				BD474FAB27240E5D005BF154 /* ProfileInteractor.swift in Sources */,
				BD4D657627450DA300EAD0EC /* CardView.swift in Sources */,
				BD84243927296D6400B922DC /* SignUpRouter.swift in Sources */,
				BD2675BF273CFFB5004F7856 /* ExpansesRouter.swift in Sources */,
				BD2675C8273D02A3004F7856 /* LivePreviewer.swift in Sources */,
				413213B32743ACDE00F5BD9C /* JoinSpaceModels.swift in Sources */,
				BD2675AE273CC09B004F7856 /* RecordsTableViewCell.swift in Sources */,
				BD2675BD273CFFA8004F7856 /* ExpansesPresenter.swift in Sources */,
				BD84243527296D4A00B922DC /* SignUpProtocol.swift in Sources */,
				4117519D2727C41200C997E9 /* RecordPresenter.swift in Sources */,
				411751A32727C43C00C997E9 /* RecordVC.swift in Sources */,
				BD41E72C274B3123001EA88F /* IconsInteractor.swift in Sources */,
				BD6EA53A274A3FFB00EF89B5 /* FriendsDebtInteractor.swift in Sources */,
				BD06A046273CB96C0030E085 /* Configures.swift in Sources */,
				BD6EA536274A3FFB00EF89B5 /* FriendsDebtPresenter.swift in Sources */,
				BD84242D2729629100B922DC /* SignInProtocol.swift in Sources */,
				413213B12743ACDE00F5BD9C /* JoinSpacePresenter.swift in Sources */,
				BD2675C1273CFFC5004F7856 /* ExpansesProtocol.swift in Sources */,
				BD6EA538274A3FFB00EF89B5 /* FriendsDebtVC.swift in Sources */,
				BD41E730274B38B9001EA88F /* IconCollectionViewCell.swift in Sources */,
				BDD3F9DB2722FD2A00B2AF7F /* ViewController.swift in Sources */,
				BD6EA535274A3FFB00EF89B5 /* FriendsDebtProtocol.swift in Sources */,
				4117519B2727C40A00C997E9 /* RecordInteractor.swift in Sources */,
				BD2675D1273D5F1A004F7856 /* RemindMeAtRouter.swift in Sources */,
				413213B42743ACDE00F5BD9C /* JoinSpaceInteractor.swift in Sources */,
				4115381327425C2F00154DB1 /* CreateSpaceInteractor.swift in Sources */,
				BDD3F9D72722FD2A00B2AF7F /* AppDelegate.swift in Sources */,
				4184C5D3273D9FF700F81BAD /* OnBoardingVC.swift in Sources */,
				41E6E10927423BE300527CAA /* MemberCollectionViewCell.swift in Sources */,
				41C3761A273E1FF000BA01FF /* OnBoardingCollectionViewCell.swift in Sources */,
				BD41E72E274B3123001EA88F /* IconsVC.swift in Sources */,
				413213B62743ACDE00F5BD9C /* JoinSpaceVC.swift in Sources */,
				BDD3F9D92722FD2A00B2AF7F /* SceneDelegate.swift in Sources */,
				BD41E72A274B3123001EA88F /* IconsRouter.swift in Sources */,
				BD842431272962A400B922DC /* SignInRouter.swift in Sources */,
				BD41E729274B3123001EA88F /* IconsPresenter.swift in Sources */,
				BDD3FA012723489900B2AF7F /* TabBarProtocol.swift in Sources */,
				BD4D65782745127E00EAD0EC /* CardViewTableViewCell.swift in Sources */,
				BD474FA527240E2E005BF154 /* ProfileRouter.swift in Sources */,
				BD41E72D274B3123001EA88F /* IconsProtocol.swift in Sources */,
				4115381027425C2F00154DB1 /* CreateSpacePresenter.swift in Sources */,
				BDD3F9F3272302DD00B2AF7F /* HomePresenter.swift in Sources */,
				4197A22A273FF3A200FBFBB6 /* Core.swift in Sources */,
				4117519F2727C41900C997E9 /* RecordProtocol.swift in Sources */,
				BD474FB027240FDC005BF154 /* TabBarVC.swift in Sources */,
				BDD3F9F72723032300B2AF7F /* HomeRouter.swift in Sources */,
				BD474FA327240E15005BF154 /* ProfileVC.swift in Sources */,
				41E6E10B27423C8900527CAA /* ProfileVCEmptyState.swift in Sources */,
				BD474FA927240E4E005BF154 /* ProfilePresenter.swift in Sources */,
				4115381527425C2F00154DB1 /* CreateSpaceVC.swift in Sources */,
				413213B22743ACDE00F5BD9C /* JoinSpaceRouter.swift in Sources */,
				BDD3FA03272349FF00B2AF7F /* TabBarRouter.swift in Sources */,
				BD3EB3732747820F00273B0C /* Extension + UIView.swift in Sources */,
				BD2675D3273D5F2C004F7856 /* RemindMeAtPresenter.swift in Sources */,
				413213B52743ACDE00F5BD9C /* JoinSpaceProtocol.swift in Sources */,
				411751A12727C43500C997E9 /* RecordRouter.swift in Sources */,
				BD84243327296D3900B922DC /* SignUpVC.swift in Sources */,
				4115381127425C2F00154DB1 /* CreateSpaceRouter.swift in Sources */,
				BD84242927295A1A00B922DC /* Button.swift in Sources */,
				BD3AA15D274354D00068AAEA /* Extension + UIViewController.swift in Sources */,
				BD6EA537274A3FFB00EF89B5 /* FriendsDebtModels.swift in Sources */,
				BD84242F2729629A00B922DC /* SignInPresenter.swift in Sources */,
				BDD3F9F1272302CE00B2AF7F /* HomeInteractor.swift in Sources */,
				BDD3FA0527234A7400B2AF7F /* TapBarPresenter.swift in Sources */,
				BD2675C3273CFFDA004F7856 /* ExpansesVC.swift in Sources */,
				BD474FA727240E41005BF154 /* ProfileProtocol.swift in Sources */,
				BD2675CA273D06D3004F7856 /* SwiftUIRouterAdapter.swift in Sources */,
				4115381427425C2F00154DB1 /* CreateSpaceProtocol.swift in Sources */,
				BD474FAE27240EC0005BF154 /* Constants.swift in Sources */,
				BD84242B2729628100B922DC /* SignInVC.swift in Sources */,
				BD2675C5273D023F004F7856 /* EasyScrollView.swift in Sources */,
				BD84244A2729BB9F00B922DC /* Strings+Generated.swift in Sources */,
				4184C5D9273DA05000F81BAD /* OnBoardingPresenter.swift in Sources */,
			);
			runOnlyForDeploymentPostprocessing = 0;
		};
/* End PBXSourcesBuildPhase section */

/* Begin PBXVariantGroup section */
		BD8424452729BA7700B922DC /* Localizable.strings */ = {
			isa = PBXVariantGroup;
			children = (
				BD8424462729BA7700B922DC /* Base */,
				BD84244C2729C0C400B922DC /* id */,
			);
			name = Localizable.strings;
			sourceTree = "<group>";
		};
		BDD3F9E12722FD2B00B2AF7F /* LaunchScreen.storyboard */ = {
			isa = PBXVariantGroup;
			children = (
				BDD3F9E22722FD2B00B2AF7F /* Base */,
			);
			name = LaunchScreen.storyboard;
			sourceTree = "<group>";
		};
/* End PBXVariantGroup section */

/* Begin XCBuildConfiguration section */
		BDD3F9E52722FD2B00B2AF7F /* Debug */ = {
			isa = XCBuildConfiguration;
			buildSettings = {
				ALWAYS_SEARCH_USER_PATHS = NO;
				CLANG_ANALYZER_LOCALIZABILITY_NONLOCALIZED = YES;
				CLANG_ANALYZER_NONNULL = YES;
				CLANG_ANALYZER_NUMBER_OBJECT_CONVERSION = YES_AGGRESSIVE;
				CLANG_CXX_LANGUAGE_STANDARD = "gnu++17";
				CLANG_CXX_LIBRARY = "libc++";
				CLANG_ENABLE_MODULES = YES;
				CLANG_ENABLE_OBJC_ARC = YES;
				CLANG_ENABLE_OBJC_WEAK = YES;
				CLANG_WARN_BLOCK_CAPTURE_AUTORELEASING = YES;
				CLANG_WARN_BOOL_CONVERSION = YES;
				CLANG_WARN_COMMA = YES;
				CLANG_WARN_CONSTANT_CONVERSION = YES;
				CLANG_WARN_DEPRECATED_OBJC_IMPLEMENTATIONS = YES;
				CLANG_WARN_DIRECT_OBJC_ISA_USAGE = YES_ERROR;
				CLANG_WARN_DOCUMENTATION_COMMENTS = YES;
				CLANG_WARN_EMPTY_BODY = YES;
				CLANG_WARN_ENUM_CONVERSION = YES;
				CLANG_WARN_INFINITE_RECURSION = YES;
				CLANG_WARN_INT_CONVERSION = YES;
				CLANG_WARN_NON_LITERAL_NULL_CONVERSION = YES;
				CLANG_WARN_OBJC_IMPLICIT_RETAIN_SELF = YES;
				CLANG_WARN_OBJC_LITERAL_CONVERSION = YES;
				CLANG_WARN_OBJC_ROOT_CLASS = YES_ERROR;
				CLANG_WARN_QUOTED_INCLUDE_IN_FRAMEWORK_HEADER = YES;
				CLANG_WARN_RANGE_LOOP_ANALYSIS = YES;
				CLANG_WARN_STRICT_PROTOTYPES = YES;
				CLANG_WARN_SUSPICIOUS_MOVE = YES;
				CLANG_WARN_UNGUARDED_AVAILABILITY = YES_AGGRESSIVE;
				CLANG_WARN_UNREACHABLE_CODE = YES;
				CLANG_WARN__DUPLICATE_METHOD_MATCH = YES;
				COPY_PHASE_STRIP = NO;
				DEBUG_INFORMATION_FORMAT = dwarf;
				ENABLE_STRICT_OBJC_MSGSEND = YES;
				ENABLE_TESTABILITY = YES;
				GCC_C_LANGUAGE_STANDARD = gnu11;
				GCC_DYNAMIC_NO_PIC = NO;
				GCC_NO_COMMON_BLOCKS = YES;
				GCC_OPTIMIZATION_LEVEL = 0;
				GCC_PREPROCESSOR_DEFINITIONS = (
					"DEBUG=1",
					"$(inherited)",
				);
				GCC_WARN_64_TO_32_BIT_CONVERSION = YES;
				GCC_WARN_ABOUT_RETURN_TYPE = YES_ERROR;
				GCC_WARN_UNDECLARED_SELECTOR = YES;
				GCC_WARN_UNINITIALIZED_AUTOS = YES_AGGRESSIVE;
				GCC_WARN_UNUSED_FUNCTION = YES;
				GCC_WARN_UNUSED_VARIABLE = YES;
				IPHONEOS_DEPLOYMENT_TARGET = 15.0;
				MTL_ENABLE_DEBUG_INFO = INCLUDE_SOURCE;
				MTL_FAST_MATH = YES;
				ONLY_ACTIVE_ARCH = YES;
				SDKROOT = iphoneos;
				SWIFT_ACTIVE_COMPILATION_CONDITIONS = DEBUG;
				SWIFT_OPTIMIZATION_LEVEL = "-Onone";
			};
			name = Debug;
		};
		BDD3F9E62722FD2B00B2AF7F /* Release */ = {
			isa = XCBuildConfiguration;
			buildSettings = {
				ALWAYS_SEARCH_USER_PATHS = NO;
				CLANG_ANALYZER_LOCALIZABILITY_NONLOCALIZED = YES;
				CLANG_ANALYZER_NONNULL = YES;
				CLANG_ANALYZER_NUMBER_OBJECT_CONVERSION = YES_AGGRESSIVE;
				CLANG_CXX_LANGUAGE_STANDARD = "gnu++17";
				CLANG_CXX_LIBRARY = "libc++";
				CLANG_ENABLE_MODULES = YES;
				CLANG_ENABLE_OBJC_ARC = YES;
				CLANG_ENABLE_OBJC_WEAK = YES;
				CLANG_WARN_BLOCK_CAPTURE_AUTORELEASING = YES;
				CLANG_WARN_BOOL_CONVERSION = YES;
				CLANG_WARN_COMMA = YES;
				CLANG_WARN_CONSTANT_CONVERSION = YES;
				CLANG_WARN_DEPRECATED_OBJC_IMPLEMENTATIONS = YES;
				CLANG_WARN_DIRECT_OBJC_ISA_USAGE = YES_ERROR;
				CLANG_WARN_DOCUMENTATION_COMMENTS = YES;
				CLANG_WARN_EMPTY_BODY = YES;
				CLANG_WARN_ENUM_CONVERSION = YES;
				CLANG_WARN_INFINITE_RECURSION = YES;
				CLANG_WARN_INT_CONVERSION = YES;
				CLANG_WARN_NON_LITERAL_NULL_CONVERSION = YES;
				CLANG_WARN_OBJC_IMPLICIT_RETAIN_SELF = YES;
				CLANG_WARN_OBJC_LITERAL_CONVERSION = YES;
				CLANG_WARN_OBJC_ROOT_CLASS = YES_ERROR;
				CLANG_WARN_QUOTED_INCLUDE_IN_FRAMEWORK_HEADER = YES;
				CLANG_WARN_RANGE_LOOP_ANALYSIS = YES;
				CLANG_WARN_STRICT_PROTOTYPES = YES;
				CLANG_WARN_SUSPICIOUS_MOVE = YES;
				CLANG_WARN_UNGUARDED_AVAILABILITY = YES_AGGRESSIVE;
				CLANG_WARN_UNREACHABLE_CODE = YES;
				CLANG_WARN__DUPLICATE_METHOD_MATCH = YES;
				COPY_PHASE_STRIP = NO;
				DEBUG_INFORMATION_FORMAT = "dwarf-with-dsym";
				ENABLE_NS_ASSERTIONS = NO;
				ENABLE_STRICT_OBJC_MSGSEND = YES;
				GCC_C_LANGUAGE_STANDARD = gnu11;
				GCC_NO_COMMON_BLOCKS = YES;
				GCC_WARN_64_TO_32_BIT_CONVERSION = YES;
				GCC_WARN_ABOUT_RETURN_TYPE = YES_ERROR;
				GCC_WARN_UNDECLARED_SELECTOR = YES;
				GCC_WARN_UNINITIALIZED_AUTOS = YES_AGGRESSIVE;
				GCC_WARN_UNUSED_FUNCTION = YES;
				GCC_WARN_UNUSED_VARIABLE = YES;
				IPHONEOS_DEPLOYMENT_TARGET = 15.0;
				MTL_ENABLE_DEBUG_INFO = NO;
				MTL_FAST_MATH = YES;
				SDKROOT = iphoneos;
				SWIFT_COMPILATION_MODE = wholemodule;
				SWIFT_OPTIMIZATION_LEVEL = "-O";
				VALIDATE_PRODUCT = YES;
			};
			name = Release;
		};
		BDD3F9E82722FD2B00B2AF7F /* Debug */ = {
			isa = XCBuildConfiguration;
			baseConfigurationReference = EFEE89E27E48416436B2195A /* Pods-Macro Challenge ADAIL.debug.xcconfig */;
			buildSettings = {
				ASSETCATALOG_COMPILER_APPICON_NAME = AppIcon;
				ASSETCATALOG_COMPILER_GLOBAL_ACCENT_COLOR_NAME = AccentColor;
				CODE_SIGN_ENTITLEMENTS = "Macro Challenge ADAIL/Macro Challenge ADAIL.entitlements";
				CODE_SIGN_STYLE = Automatic;
				CURRENT_PROJECT_VERSION = 1;
				DEVELOPMENT_TEAM = RMQNS23DVX;
				GENERATE_INFOPLIST_FILE = YES;
				INFOPLIST_FILE = "Macro Challenge ADAIL/Info.plist";
				INFOPLIST_KEY_NSCameraUsageDescription = "We need ur camera";
				INFOPLIST_KEY_UIApplicationSupportsIndirectInputEvents = YES;
				INFOPLIST_KEY_UILaunchStoryboardName = LaunchScreen;
				INFOPLIST_KEY_UISupportedInterfaceOrientations_iPad = "UIInterfaceOrientationPortrait UIInterfaceOrientationPortraitUpsideDown UIInterfaceOrientationLandscapeLeft UIInterfaceOrientationLandscapeRight";
				INFOPLIST_KEY_UISupportedInterfaceOrientations_iPhone = "UIInterfaceOrientationPortrait UIInterfaceOrientationLandscapeLeft UIInterfaceOrientationLandscapeRight";
				LD_RUNPATH_SEARCH_PATHS = (
					"$(inherited)",
					"@executable_path/Frameworks",
				);
				MARKETING_VERSION = 1.0;
				PRODUCT_BUNDLE_IDENTIFIER = "com.kaelsihombing.Macro-Challenge-ADAIL";
				PRODUCT_NAME = "$(TARGET_NAME)";
				SWIFT_EMIT_LOC_STRINGS = YES;
				SWIFT_VERSION = 5.0;
				TARGETED_DEVICE_FAMILY = "1,2";
			};
			name = Debug;
		};
		BDD3F9E92722FD2B00B2AF7F /* Release */ = {
			isa = XCBuildConfiguration;
			baseConfigurationReference = C7350901D25C087E18E3573F /* Pods-Macro Challenge ADAIL.release.xcconfig */;
			buildSettings = {
				ASSETCATALOG_COMPILER_APPICON_NAME = AppIcon;
				ASSETCATALOG_COMPILER_GLOBAL_ACCENT_COLOR_NAME = AccentColor;
				CODE_SIGN_ENTITLEMENTS = "Macro Challenge ADAIL/Macro Challenge ADAIL.entitlements";
				CODE_SIGN_STYLE = Automatic;
				CURRENT_PROJECT_VERSION = 1;
				DEVELOPMENT_TEAM = RMQNS23DVX;
				GENERATE_INFOPLIST_FILE = YES;
				INFOPLIST_FILE = "Macro Challenge ADAIL/Info.plist";
				INFOPLIST_KEY_NSCameraUsageDescription = "We need ur camera";
				INFOPLIST_KEY_UIApplicationSupportsIndirectInputEvents = YES;
				INFOPLIST_KEY_UILaunchStoryboardName = LaunchScreen;
				INFOPLIST_KEY_UISupportedInterfaceOrientations_iPad = "UIInterfaceOrientationPortrait UIInterfaceOrientationPortraitUpsideDown UIInterfaceOrientationLandscapeLeft UIInterfaceOrientationLandscapeRight";
				INFOPLIST_KEY_UISupportedInterfaceOrientations_iPhone = "UIInterfaceOrientationPortrait UIInterfaceOrientationLandscapeLeft UIInterfaceOrientationLandscapeRight";
				LD_RUNPATH_SEARCH_PATHS = (
					"$(inherited)",
					"@executable_path/Frameworks",
				);
				MARKETING_VERSION = 1.0;
				PRODUCT_BUNDLE_IDENTIFIER = "com.kaelsihombing.Macro-Challenge-ADAIL";
				PRODUCT_NAME = "$(TARGET_NAME)";
				SWIFT_EMIT_LOC_STRINGS = YES;
				SWIFT_VERSION = 5.0;
				TARGETED_DEVICE_FAMILY = "1,2";
			};
			name = Release;
		};
/* End XCBuildConfiguration section */

/* Begin XCConfigurationList section */
		BDD3F9CE2722FD2A00B2AF7F /* Build configuration list for PBXProject "Macro Challenge ADAIL" */ = {
			isa = XCConfigurationList;
			buildConfigurations = (
				BDD3F9E52722FD2B00B2AF7F /* Debug */,
				BDD3F9E62722FD2B00B2AF7F /* Release */,
			);
			defaultConfigurationIsVisible = 0;
			defaultConfigurationName = Release;
		};
		BDD3F9E72722FD2B00B2AF7F /* Build configuration list for PBXNativeTarget "Macro Challenge ADAIL" */ = {
			isa = XCConfigurationList;
			buildConfigurations = (
				BDD3F9E82722FD2B00B2AF7F /* Debug */,
				BDD3F9E92722FD2B00B2AF7F /* Release */,
			);
			defaultConfigurationIsVisible = 0;
			defaultConfigurationName = Release;
		};
/* End XCConfigurationList section */
	};
	rootObject = BDD3F9CB2722FD2A00B2AF7F /* Project object */;
}
